// !$*UTF8*$!
{
	archiveVersion = 1;
	classes = {
	};
	objectVersion = 46;
	objects = {

/* Begin PBXBuildFile section */
		38FBB4B415F6642D007563FF /* UIKit.framework in Frameworks */ = {isa = PBXBuildFile; fileRef = 38FBB4B315F6642D007563FF /* UIKit.framework */; };
		38FBB4B615F6642D007563FF /* Foundation.framework in Frameworks */ = {isa = PBXBuildFile; fileRef = 38FBB4B515F6642D007563FF /* Foundation.framework */; };
		38FBB4B815F6642D007563FF /* CoreGraphics.framework in Frameworks */ = {isa = PBXBuildFile; fileRef = 38FBB4B715F6642D007563FF /* CoreGraphics.framework */; };
		38FBB4BE15F6642D007563FF /* InfoPlist.strings in Resources */ = {isa = PBXBuildFile; fileRef = 38FBB4BC15F6642D007563FF /* InfoPlist.strings */; };
		38FBB4C015F6642D007563FF /* main.m in Sources */ = {isa = PBXBuildFile; fileRef = 38FBB4BF15F6642D007563FF /* main.m */; };
		38FBB4C415F6642D007563FF /* MADAppDelegate.m in Sources */ = {isa = PBXBuildFile; fileRef = 38FBB4C315F6642D007563FF /* MADAppDelegate.m */; };
		38FBB4C715F6642E007563FF /* MADViewController.m in Sources */ = {isa = PBXBuildFile; fileRef = 38FBB4C615F6642E007563FF /* MADViewController.m */; };
		38FBB4CA15F6642E007563FF /* MADViewController.xib in Resources */ = {isa = PBXBuildFile; fileRef = 38FBB4C815F6642E007563FF /* MADViewController.xib */; };
		38FBB4D115F664EB007563FF /* atlas.png in Resources */ = {isa = PBXBuildFile; fileRef = 38FBB4D015F664EB007563FF /* atlas.png */; };
/* End PBXBuildFile section */

/* Begin PBXFileReference section */
		38FBB4AF15F6642D007563FF /* helloName.app */ = {isa = PBXFileReference; explicitFileType = wrapper.application; includeInIndex = 0; path = helloName.app; sourceTree = BUILT_PRODUCTS_DIR; };
		38FBB4B315F6642D007563FF /* UIKit.framework */ = {isa = PBXFileReference; lastKnownFileType = wrapper.framework; name = UIKit.framework; path = System/Library/Frameworks/UIKit.framework; sourceTree = SDKROOT; };
		38FBB4B515F6642D007563FF /* Foundation.framework */ = {isa = PBXFileReference; lastKnownFileType = wrapper.framework; name = Foundation.framework; path = System/Library/Frameworks/Foundation.framework; sourceTree = SDKROOT; };
		38FBB4B715F6642D007563FF /* CoreGraphics.framework */ = {isa = PBXFileReference; lastKnownFileType = wrapper.framework; name = CoreGraphics.framework; path = System/Library/Frameworks/CoreGraphics.framework; sourceTree = SDKROOT; };
		38FBB4BB15F6642D007563FF /* helloName-Info.plist */ = {isa = PBXFileReference; lastKnownFileType = text.plist.xml; path = "helloName-Info.plist"; sourceTree = "<group>"; };
		38FBB4BD15F6642D007563FF /* en */ = {isa = PBXFileReference; lastKnownFileType = text.plist.strings; name = en; path = en.lproj/InfoPlist.strings; sourceTree = "<group>"; };
		38FBB4BF15F6642D007563FF /* main.m */ = {isa = PBXFileReference; lastKnownFileType = sourcecode.c.objc; path = main.m; sourceTree = "<group>"; };
		38FBB4C115F6642D007563FF /* helloName-Prefix.pch */ = {isa = PBXFileReference; lastKnownFileType = sourcecode.c.h; path = "helloName-Prefix.pch"; sourceTree = "<group>"; };
		38FBB4C215F6642D007563FF /* MADAppDelegate.h */ = {isa = PBXFileReference; lastKnownFileType = sourcecode.c.h; path = MADAppDelegate.h; sourceTree = "<group>"; };
		38FBB4C315F6642D007563FF /* MADAppDelegate.m */ = {isa = PBXFileReference; lastKnownFileType = sourcecode.c.objc; path = MADAppDelegate.m; sourceTree = "<group>"; };
		38FBB4C515F6642E007563FF /* MADViewController.h */ = {isa = PBXFileReference; lastKnownFileType = sourcecode.c.h; path = MADViewController.h; sourceTree = "<group>"; };
		38FBB4C615F6642E007563FF /* MADViewController.m */ = {isa = PBXFileReference; lastKnownFileType = sourcecode.c.objc; path = MADViewController.m; sourceTree = "<group>"; };
		38FBB4C915F6642E007563FF /* en */ = {isa = PBXFileReference; lastKnownFileType = file.xib; name = en; path = en.lproj/MADViewController.xib; sourceTree = "<group>"; };
		38FBB4D015F664EB007563FF /* atlas.png */ = {isa = PBXFileReference; lastKnownFileType = image.png; path = atlas.png; sourceTree = "<group>"; };
/* End PBXFileReference section */

/* Begin PBXFrameworksBuildPhase section */
		38FBB4AC15F6642D007563FF /* Frameworks */ = {
			isa = PBXFrameworksBuildPhase;
			buildActionMask = 2147483647;
			files = (
				38FBB4B415F6642D007563FF /* UIKit.framework in Frameworks */,
				38FBB4B615F6642D007563FF /* Foundation.framework in Frameworks */,
				38FBB4B815F6642D007563FF /* CoreGraphics.framework in Frameworks */,
			);
			runOnlyForDeploymentPostprocessing = 0;
		};
/* End PBXFrameworksBuildPhase section */

/* Begin PBXGroup section */
		38FBB4A415F6642D007563FF = {
			isa = PBXGroup;
			children = (
				38FBB4B915F6642D007563FF /* helloName */,
				38FBB4B215F6642D007563FF /* Frameworks */,
				38FBB4B015F6642D007563FF /* Products */,
			);
			sourceTree = "<group>";
		};
		38FBB4B015F6642D007563FF /* Products */ = {
			isa = PBXGroup;
			children = (
				38FBB4AF15F6642D007563FF /* helloName.app */,
			);
			name = Products;
			sourceTree = "<group>";
		};
		38FBB4B215F6642D007563FF /* Frameworks */ = {
			isa = PBXGroup;
			children = (
				38FBB4B315F6642D007563FF /* UIKit.framework */,
				38FBB4B515F6642D007563FF /* Foundation.framework */,
				38FBB4B715F6642D007563FF /* CoreGraphics.framework */,
			);
			name = Frameworks;
			sourceTree = "<group>";
		};
		38FBB4B915F6642D007563FF /* helloName */ = {
			isa = PBXGroup;
			children = (
				38FBB4C215F6642D007563FF /* MADAppDelegate.h */,
				38FBB4C315F6642D007563FF /* MADAppDelegate.m */,
				38FBB4C515F6642E007563FF /* MADViewController.h */,
				38FBB4C615F6642E007563FF /* MADViewController.m */,
				38FBB4C815F6642E007563FF /* MADViewController.xib */,
				38FBB4BA15F6642D007563FF /* Supporting Files */,
			);
			path = helloName;
			sourceTree = "<group>";
		};
		38FBB4BA15F6642D007563FF /* Supporting Files */ = {
			isa = PBXGroup;
			children = (
				38FBB4D015F664EB007563FF /* atlas.png */,
				38FBB4BB15F6642D007563FF /* helloName-Info.plist */,
				38FBB4BC15F6642D007563FF /* InfoPlist.strings */,
				38FBB4BF15F6642D007563FF /* main.m */,
				38FBB4C115F6642D007563FF /* helloName-Prefix.pch */,
			);
			name = "Supporting Files";
			sourceTree = "<group>";
		};
/* End PBXGroup section */

/* Begin PBXNativeTarget section */
		38FBB4AE15F6642D007563FF /* helloName */ = {
			isa = PBXNativeTarget;
			buildConfigurationList = 38FBB4CD15F6642E007563FF /* Build configuration list for PBXNativeTarget "helloName" */;
			buildPhases = (
				38FBB4AB15F6642D007563FF /* Sources */,
				38FBB4AC15F6642D007563FF /* Frameworks */,
				38FBB4AD15F6642D007563FF /* Resources */,
			);
			buildRules = (
			);
			dependencies = (
			);
			name = helloName;
			productName = helloName;
			productReference = 38FBB4AF15F6642D007563FF /* helloName.app */;
			productType = "com.apple.product-type.application";
		};
/* End PBXNativeTarget section */

/* Begin PBXProject section */
		38FBB4A615F6642D007563FF /* Project object */ = {
			isa = PBXProject;
			attributes = {
				CLASSPREFIX = MAD;
				LastUpgradeCheck = 0440;
				ORGANIZATIONNAME = "Aaron Vimont";
			};
			buildConfigurationList = 38FBB4A915F6642D007563FF /* Build configuration list for PBXProject "helloName" */;
			compatibilityVersion = "Xcode 3.2";
			developmentRegion = English;
			hasScannedForEncodings = 0;
			knownRegions = (
				en,
			);
			mainGroup = 38FBB4A415F6642D007563FF;
			productRefGroup = 38FBB4B015F6642D007563FF /* Products */;
			projectDirPath = "";
			projectRoot = "";
			targets = (
				38FBB4AE15F6642D007563FF /* helloName */,
			);
		};
/* End PBXProject section */

/* Begin PBXResourcesBuildPhase section */
		38FBB4AD15F6642D007563FF /* Resources */ = {
			isa = PBXResourcesBuildPhase;
			buildActionMask = 2147483647;
			files = (
				38FBB4BE15F6642D007563FF /* InfoPlist.strings in Resources */,
				38FBB4CA15F6642E007563FF /* MADViewController.xib in Resources */,
				38FBB4D115F664EB007563FF /* atlas.png in Resources */,
			);
			runOnlyForDeploymentPostprocessing = 0;
		};
/* End PBXResourcesBuildPhase section */

/* Begin PBXSourcesBuildPhase section */
		38FBB4AB15F6642D007563FF /* Sources */ = {
			isa = PBXSourcesBuildPhase;
			buildActionMask = 2147483647;
			files = (
				38FBB4C015F6642D007563FF /* main.m in Sources */,
				38FBB4C415F6642D007563FF /* MADAppDelegate.m in Sources */,
				38FBB4C715F6642E007563FF /* MADViewController.m in Sources */,
			);
			runOnlyForDeploymentPostprocessing = 0;
		};
/* End PBXSourcesBuildPhase section */

/* Begin PBXVariantGroup section */
		38FBB4BC15F6642D007563FF /* InfoPlist.strings */ = {
			isa = PBXVariantGroup;
			children = (
				38FBB4BD15F6642D007563FF /* en */,
			);
			name = InfoPlist.strings;
			sourceTree = "<group>";
		};
		38FBB4C815F6642E007563FF /* MADViewController.xib */ = {
			isa = PBXVariantGroup;
			children = (
				38FBB4C915F6642E007563FF /* en */,
			);
			name = MADViewController.xib;
			sourceTree = "<group>";
		};
/* End PBXVariantGroup section */

/* Begin XCBuildConfiguration section */
		38FBB4CB15F6642E007563FF /* Debug */ = {
			isa = XCBuildConfiguration;
			buildSettings = {
				ALWAYS_SEARCH_USER_PATHS = NO;
				ARCHS = "$(ARCHS_STANDARD_32_BIT)";
				CLANG_CXX_LANGUAGE_STANDARD = "gnu++0x";
				CLANG_ENABLE_OBJC_ARC = YES;
				CLANG_WARN__DUPLICATE_METHOD_MATCH = YES;
				"CODE_SIGN_IDENTITY[sdk=iphoneos*]" = "iPhone Developer";
				COPY_PHASE_STRIP = NO;
				GCC_C_LANGUAGE_STANDARD = gnu99;
				GCC_DYNAMIC_NO_PIC = NO;
				GCC_OPTIMIZATION_LEVEL = 0;
				GCC_PREPROCESSOR_DEFINITIONS = (
					"DEBUG=1",
					"$(inherited)",
				);
				GCC_SYMBOLS_PRIVATE_EXTERN = NO;
				GCC_VERSION = com.apple.compilers.llvm.clang.1_0;
				GCC_WARN_ABOUT_RETURN_TYPE = YES;
				GCC_WARN_UNINITIALIZED_AUTOS = YES;
				GCC_WARN_UNUSED_VARIABLE = YES;
				IPHONEOS_DEPLOYMENT_TARGET = 5.1;
				SDKROOT = iphoneos;
				TARGETED_DEVICE_FAMILY = 2;
			};
			name = Debug;
		};
		38FBB4CC15F6642E007563FF /* Release */ = {
			isa = XCBuildConfiguration;
			buildSettings = {
				ALWAYS_SEARCH_USER_PATHS = NO;
				ARCHS = "$(ARCHS_STANDARD_32_BIT)";
				CLANG_CXX_LANGUAGE_STANDARD = "gnu++0x";
				CLANG_ENABLE_OBJC_ARC = YES;
				CLANG_WARN__DUPLICATE_METHOD_MATCH = YES;
				"CODE_SIGN_IDENTITY[sdk=iphoneos*]" = "iPhone Developer";
				COPY_PHASE_STRIP = YES;
				GCC_C_LANGUAGE_STANDARD = gnu99;
				GCC_VERSION = com.apple.compilers.llvm.clang.1_0;
				GCC_WARN_ABOUT_RETURN_TYPE = YES;
				GCC_WARN_UNINITIALIZED_AUTOS = YES;
				GCC_WARN_UNUSED_VARIABLE = YES;
				IPHONEOS_DEPLOYMENT_TARGET = 5.1;
				OTHER_CFLAGS = "-DNS_BLOCK_ASSERTIONS=1";
				SDKROOT = iphoneos;
				TARGETED_DEVICE_FAMILY = 2;
				VALIDATE_PRODUCT = YES;
			};
			name = Release;
		};
		38FBB4CE15F6642E007563FF /* Debug */ = {
			isa = XCBuildConfiguration;
			buildSettings = {
				GCC_PRECOMPILE_PREFIX_HEADER = YES;
				GCC_PREFIX_HEADER = "helloName/helloName-Prefix.pch";
				INFOPLIST_FILE = "helloName/helloName-Info.plist";
				PRODUCT_NAME = "$(TARGET_NAME)";
				WRAPPER_EXTENSION = app;
			};
			name = Debug;
		};
		38FBB4CF15F6642E007563FF /* Release */ = {
			isa = XCBuildConfiguration;
			buildSettings = {
				GCC_PRECOMPILE_PREFIX_HEADER = YES;
				GCC_PREFIX_HEADER = "helloName/helloName-Prefix.pch";
				INFOPLIST_FILE = "helloName/helloName-Info.plist";
				PRODUCT_NAME = "$(TARGET_NAME)";
				WRAPPER_EXTENSION = app;
			};
			name = Release;
		};
/* End XCBuildConfiguration section */

/* Begin XCConfigurationList section */
		38FBB4A915F6642D007563FF /* Build configuration list for PBXProject "helloName" */ = {
			isa = XCConfigurationList;
			buildConfigurations = (
				38FBB4CB15F6642E007563FF /* Debug */,
				38FBB4CC15F6642E007563FF /* Release */,
			);
			defaultConfigurationIsVisible = 0;
			defaultConfigurationName = Release;
		};
		38FBB4CD15F6642E007563FF /* Build configuration list for PBXNativeTarget "helloName" */ = {
			isa = XCConfigurationList;
			buildConfigurations = (
				38FBB4CE15F6642E007563FF /* Debug */,
				38FBB4CF15F6642E007563FF /* Release */,
			);
			defaultConfigurationIsVisible = 0;
		};
/* End XCConfigurationList section */
	};
	rootObject = 38FBB4A615F6642D007563FF /* Project object */;
}
