// !$*UTF8*$!
{
	archiveVersion = 1;
	classes = {
	};
	objectVersion = 46;
	objects = {

/* Begin PBXBuildFile section */
		38FE0075160231C600D1CDB0 /* UIKit.framework in Frameworks */ = {isa = PBXBuildFile; fileRef = 38FE0074160231C600D1CDB0 /* UIKit.framework */; };
		38FE0077160231C600D1CDB0 /* Foundation.framework in Frameworks */ = {isa = PBXBuildFile; fileRef = 38FE0076160231C600D1CDB0 /* Foundation.framework */; };
		38FE0079160231C600D1CDB0 /* CoreGraphics.framework in Frameworks */ = {isa = PBXBuildFile; fileRef = 38FE0078160231C600D1CDB0 /* CoreGraphics.framework */; };
		38FE007F160231C600D1CDB0 /* InfoPlist.strings in Resources */ = {isa = PBXBuildFile; fileRef = 38FE007D160231C600D1CDB0 /* InfoPlist.strings */; };
		38FE0081160231C600D1CDB0 /* main.m in Sources */ = {isa = PBXBuildFile; fileRef = 38FE0080160231C600D1CDB0 /* main.m */; };
		38FE0085160231C600D1CDB0 /* MADAppDelegate.m in Sources */ = {isa = PBXBuildFile; fileRef = 38FE0084160231C600D1CDB0 /* MADAppDelegate.m */; };
		38FE0088160231C600D1CDB0 /* MADViewController.m in Sources */ = {isa = PBXBuildFile; fileRef = 38FE0087160231C600D1CDB0 /* MADViewController.m */; };
		38FE008B160231C600D1CDB0 /* MADViewController.xib in Resources */ = {isa = PBXBuildFile; fileRef = 38FE0089160231C600D1CDB0 /* MADViewController.xib */; };
		38FE00951602334900D1CDB0 /* beatles1.png in Resources */ = {isa = PBXBuildFile; fileRef = 38FE00921602334900D1CDB0 /* beatles1.png */; };
		38FE00961602334900D1CDB0 /* beatles2.png in Resources */ = {isa = PBXBuildFile; fileRef = 38FE00931602334900D1CDB0 /* beatles2.png */; };
		38FE0098160233CD00D1CDB0 /* Beatles_Abbey_Road.png in Resources */ = {isa = PBXBuildFile; fileRef = 38FE0097160233CD00D1CDB0 /* Beatles_Abbey_Road.png */; };
		38FE009C1602350A00D1CDB0 /* Beatles_Abbey_Road_icon.png in Resources */ = {isa = PBXBuildFile; fileRef = 38FE009B1602350A00D1CDB0 /* Beatles_Abbey_Road_icon.png */; };
		38FE009E1602350E00D1CDB0 /* Beatles_Abbey_Road_icon@2x.png in Resources */ = {isa = PBXBuildFile; fileRef = 38FE009D1602350E00D1CDB0 /* Beatles_Abbey_Road_icon@2x.png */; };
/* End PBXBuildFile section */

/* Begin PBXFileReference section */
		38FE0070160231C600D1CDB0 /* beatles.app */ = {isa = PBXFileReference; explicitFileType = wrapper.application; includeInIndex = 0; path = beatles.app; sourceTree = BUILT_PRODUCTS_DIR; };
		38FE0074160231C600D1CDB0 /* UIKit.framework */ = {isa = PBXFileReference; lastKnownFileType = wrapper.framework; name = UIKit.framework; path = System/Library/Frameworks/UIKit.framework; sourceTree = SDKROOT; };
		38FE0076160231C600D1CDB0 /* Foundation.framework */ = {isa = PBXFileReference; lastKnownFileType = wrapper.framework; name = Foundation.framework; path = System/Library/Frameworks/Foundation.framework; sourceTree = SDKROOT; };
		38FE0078160231C600D1CDB0 /* CoreGraphics.framework */ = {isa = PBXFileReference; lastKnownFileType = wrapper.framework; name = CoreGraphics.framework; path = System/Library/Frameworks/CoreGraphics.framework; sourceTree = SDKROOT; };
		38FE007C160231C600D1CDB0 /* beatles-Info.plist */ = {isa = PBXFileReference; lastKnownFileType = text.plist.xml; path = "beatles-Info.plist"; sourceTree = "<group>"; };
		38FE007E160231C600D1CDB0 /* en */ = {isa = PBXFileReference; lastKnownFileType = text.plist.strings; name = en; path = en.lproj/InfoPlist.strings; sourceTree = "<group>"; };
		38FE0080160231C600D1CDB0 /* main.m */ = {isa = PBXFileReference; lastKnownFileType = sourcecode.c.objc; path = main.m; sourceTree = "<group>"; };
		38FE0082160231C600D1CDB0 /* beatles-Prefix.pch */ = {isa = PBXFileReference; lastKnownFileType = sourcecode.c.h; path = "beatles-Prefix.pch"; sourceTree = "<group>"; };
		38FE0083160231C600D1CDB0 /* MADAppDelegate.h */ = {isa = PBXFileReference; lastKnownFileType = sourcecode.c.h; path = MADAppDelegate.h; sourceTree = "<group>"; };
		38FE0084160231C600D1CDB0 /* MADAppDelegate.m */ = {isa = PBXFileReference; lastKnownFileType = sourcecode.c.objc; path = MADAppDelegate.m; sourceTree = "<group>"; };
		38FE0086160231C600D1CDB0 /* MADViewController.h */ = {isa = PBXFileReference; lastKnownFileType = sourcecode.c.h; path = MADViewController.h; sourceTree = "<group>"; };
		38FE0087160231C600D1CDB0 /* MADViewController.m */ = {isa = PBXFileReference; lastKnownFileType = sourcecode.c.objc; path = MADViewController.m; sourceTree = "<group>"; };
		38FE008A160231C600D1CDB0 /* en */ = {isa = PBXFileReference; lastKnownFileType = file.xib; name = en; path = en.lproj/MADViewController.xib; sourceTree = "<group>"; };
		38FE00921602334900D1CDB0 /* beatles1.png */ = {isa = PBXFileReference; lastKnownFileType = image.png; path = beatles1.png; sourceTree = "<group>"; };
		38FE00931602334900D1CDB0 /* beatles2.png */ = {isa = PBXFileReference; lastKnownFileType = image.png; path = beatles2.png; sourceTree = "<group>"; };
		38FE0097160233CD00D1CDB0 /* Beatles_Abbey_Road.png */ = {isa = PBXFileReference; lastKnownFileType = image.png; path = Beatles_Abbey_Road.png; sourceTree = "<group>"; };
		38FE009B1602350A00D1CDB0 /* Beatles_Abbey_Road_icon.png */ = {isa = PBXFileReference; lastKnownFileType = image.png; path = Beatles_Abbey_Road_icon.png; sourceTree = "<group>"; };
		38FE009D1602350E00D1CDB0 /* Beatles_Abbey_Road_icon@2x.png */ = {isa = PBXFileReference; lastKnownFileType = image.png; path = "Beatles_Abbey_Road_icon@2x.png"; sourceTree = "<group>"; };
/* End PBXFileReference section */

/* Begin PBXFrameworksBuildPhase section */
		38FE006D160231C600D1CDB0 /* Frameworks */ = {
			isa = PBXFrameworksBuildPhase;
			buildActionMask = 2147483647;
			files = (
				38FE0075160231C600D1CDB0 /* UIKit.framework in Frameworks */,
				38FE0077160231C600D1CDB0 /* Foundation.framework in Frameworks */,
				38FE0079160231C600D1CDB0 /* CoreGraphics.framework in Frameworks */,
			);
			runOnlyForDeploymentPostprocessing = 0;
		};
/* End PBXFrameworksBuildPhase section */

/* Begin PBXGroup section */
		38FE0065160231C600D1CDB0 = {
			isa = PBXGroup;
			children = (
				38FE009D1602350E00D1CDB0 /* Beatles_Abbey_Road_icon@2x.png */,
				38FE009B1602350A00D1CDB0 /* Beatles_Abbey_Road_icon.png */,
				38FE007A160231C600D1CDB0 /* beatles */,
				38FE0073160231C600D1CDB0 /* Frameworks */,
				38FE0071160231C600D1CDB0 /* Products */,
			);
			sourceTree = "<group>";
		};
		38FE0071160231C600D1CDB0 /* Products */ = {
			isa = PBXGroup;
			children = (
				38FE0070160231C600D1CDB0 /* beatles.app */,
			);
			name = Products;
			sourceTree = "<group>";
		};
		38FE0073160231C600D1CDB0 /* Frameworks */ = {
			isa = PBXGroup;
			children = (
				38FE0074160231C600D1CDB0 /* UIKit.framework */,
				38FE0076160231C600D1CDB0 /* Foundation.framework */,
				38FE0078160231C600D1CDB0 /* CoreGraphics.framework */,
			);
			name = Frameworks;
			sourceTree = "<group>";
		};
		38FE007A160231C600D1CDB0 /* beatles */ = {
			isa = PBXGroup;
			children = (
				38FE0083160231C600D1CDB0 /* MADAppDelegate.h */,
				38FE0084160231C600D1CDB0 /* MADAppDelegate.m */,
				38FE0086160231C600D1CDB0 /* MADViewController.h */,
				38FE0087160231C600D1CDB0 /* MADViewController.m */,
				38FE0089160231C600D1CDB0 /* MADViewController.xib */,
				38FE007B160231C600D1CDB0 /* Supporting Files */,
			);
			path = beatles;
			sourceTree = "<group>";
		};
		38FE007B160231C600D1CDB0 /* Supporting Files */ = {
			isa = PBXGroup;
			children = (
				38FE00921602334900D1CDB0 /* beatles1.png */,
				38FE00931602334900D1CDB0 /* beatles2.png */,
				38FE0097160233CD00D1CDB0 /* Beatles_Abbey_Road.png */,
				38FE007C160231C600D1CDB0 /* beatles-Info.plist */,
				38FE007D160231C600D1CDB0 /* InfoPlist.strings */,
				38FE0080160231C600D1CDB0 /* main.m */,
				38FE0082160231C600D1CDB0 /* beatles-Prefix.pch */,
			);
			name = "Supporting Files";
			sourceTree = "<group>";
		};
/* End PBXGroup section */

/* Begin PBXNativeTarget section */
		38FE006F160231C600D1CDB0 /* beatles */ = {
			isa = PBXNativeTarget;
			buildConfigurationList = 38FE008E160231C600D1CDB0 /* Build configuration list for PBXNativeTarget "beatles" */;
			buildPhases = (
				38FE006C160231C600D1CDB0 /* Sources */,
				38FE006D160231C600D1CDB0 /* Frameworks */,
				38FE006E160231C600D1CDB0 /* Resources */,
			);
			buildRules = (
			);
			dependencies = (
			);
			name = beatles;
			productName = beatles;
			productReference = 38FE0070160231C600D1CDB0 /* beatles.app */;
			productType = "com.apple.product-type.application";
		};
/* End PBXNativeTarget section */

/* Begin PBXProject section */
		38FE0067160231C600D1CDB0 /* Project object */ = {
			isa = PBXProject;
			attributes = {
				CLASSPREFIX = MAD;
				LastUpgradeCheck = 0440;
				ORGANIZATIONNAME = "Aaron Vimont";
			};
			buildConfigurationList = 38FE006A160231C600D1CDB0 /* Build configuration list for PBXProject "beatles" */;
			compatibilityVersion = "Xcode 3.2";
			developmentRegion = English;
			hasScannedForEncodings = 0;
			knownRegions = (
				en,
			);
			mainGroup = 38FE0065160231C600D1CDB0;
			productRefGroup = 38FE0071160231C600D1CDB0 /* Products */;
			projectDirPath = "";
			projectRoot = "";
			targets = (
				38FE006F160231C600D1CDB0 /* beatles */,
			);
		};
/* End PBXProject section */

/* Begin PBXResourcesBuildPhase section */
		38FE006E160231C600D1CDB0 /* Resources */ = {
			isa = PBXResourcesBuildPhase;
			buildActionMask = 2147483647;
			files = (
				38FE007F160231C600D1CDB0 /* InfoPlist.strings in Resources */,
				38FE008B160231C600D1CDB0 /* MADViewController.xib in Resources */,
				38FE00951602334900D1CDB0 /* beatles1.png in Resources */,
				38FE00961602334900D1CDB0 /* beatles2.png in Resources */,
				38FE0098160233CD00D1CDB0 /* Beatles_Abbey_Road.png in Resources */,
				38FE009C1602350A00D1CDB0 /* Beatles_Abbey_Road_icon.png in Resources */,
				38FE009E1602350E00D1CDB0 /* Beatles_Abbey_Road_icon@2x.png in Resources */,
			);
			runOnlyForDeploymentPostprocessing = 0;
		};
/* End PBXResourcesBuildPhase section */

/* Begin PBXSourcesBuildPhase section */
		38FE006C160231C600D1CDB0 /* Sources */ = {
			isa = PBXSourcesBuildPhase;
			buildActionMask = 2147483647;
			files = (
				38FE0081160231C600D1CDB0 /* main.m in Sources */,
				38FE0085160231C600D1CDB0 /* MADAppDelegate.m in Sources */,
				38FE0088160231C600D1CDB0 /* MADViewController.m in Sources */,
			);
			runOnlyForDeploymentPostprocessing = 0;
		};
/* End PBXSourcesBuildPhase section */

/* Begin PBXVariantGroup section */
		38FE007D160231C600D1CDB0 /* InfoPlist.strings */ = {
			isa = PBXVariantGroup;
			children = (
				38FE007E160231C600D1CDB0 /* en */,
			);
			name = InfoPlist.strings;
			sourceTree = "<group>";
		};
		38FE0089160231C600D1CDB0 /* MADViewController.xib */ = {
			isa = PBXVariantGroup;
			children = (
				38FE008A160231C600D1CDB0 /* en */,
			);
			name = MADViewController.xib;
			sourceTree = "<group>";
		};
/* End PBXVariantGroup section */

/* Begin XCBuildConfiguration section */
		38FE008C160231C600D1CDB0 /* Debug */ = {
			isa = XCBuildConfiguration;
			buildSettings = {
				ALWAYS_SEARCH_USER_PATHS = NO;
				ARCHS = "$(ARCHS_STANDARD_32_BIT)";
				CLANG_CXX_LANGUAGE_STANDARD = "gnu++0x";
				CLANG_ENABLE_OBJC_ARC = YES;
				CLANG_WARN__DUPLICATE_METHOD_MATCH = YES;
				"CODE_SIGN_IDENTITY[sdk=iphoneos*]" = "iPhone Developer";
				COPY_PHASE_STRIP = NO;
				GCC_C_LANGUAGE_STANDARD = gnu99;
				GCC_DYNAMIC_NO_PIC = NO;
				GCC_OPTIMIZATION_LEVEL = 0;
				GCC_PREPROCESSOR_DEFINITIONS = (
					"DEBUG=1",
					"$(inherited)",
				);
				GCC_SYMBOLS_PRIVATE_EXTERN = NO;
				GCC_VERSION = com.apple.compilers.llvm.clang.1_0;
				GCC_WARN_ABOUT_RETURN_TYPE = YES;
				GCC_WARN_UNINITIALIZED_AUTOS = YES;
				GCC_WARN_UNUSED_VARIABLE = YES;
				IPHONEOS_DEPLOYMENT_TARGET = 5.1;
				SDKROOT = iphoneos;
			};
			name = Debug;
		};
		38FE008D160231C600D1CDB0 /* Release */ = {
			isa = XCBuildConfiguration;
			buildSettings = {
				ALWAYS_SEARCH_USER_PATHS = NO;
				ARCHS = "$(ARCHS_STANDARD_32_BIT)";
				CLANG_CXX_LANGUAGE_STANDARD = "gnu++0x";
				CLANG_ENABLE_OBJC_ARC = YES;
				CLANG_WARN__DUPLICATE_METHOD_MATCH = YES;
				"CODE_SIGN_IDENTITY[sdk=iphoneos*]" = "iPhone Developer";
				COPY_PHASE_STRIP = YES;
				GCC_C_LANGUAGE_STANDARD = gnu99;
				GCC_VERSION = com.apple.compilers.llvm.clang.1_0;
				GCC_WARN_ABOUT_RETURN_TYPE = YES;
				GCC_WARN_UNINITIALIZED_AUTOS = YES;
				GCC_WARN_UNUSED_VARIABLE = YES;
				IPHONEOS_DEPLOYMENT_TARGET = 5.1;
				OTHER_CFLAGS = "-DNS_BLOCK_ASSERTIONS=1";
				SDKROOT = iphoneos;
				VALIDATE_PRODUCT = YES;
			};
			name = Release;
		};
		38FE008F160231C600D1CDB0 /* Debug */ = {
			isa = XCBuildConfiguration;
			buildSettings = {
				GCC_PRECOMPILE_PREFIX_HEADER = YES;
				GCC_PREFIX_HEADER = "beatles/beatles-Prefix.pch";
				INFOPLIST_FILE = "beatles/beatles-Info.plist";
				PRODUCT_NAME = "$(TARGET_NAME)";
				WRAPPER_EXTENSION = app;
			};
			name = Debug;
		};
		38FE0090160231C600D1CDB0 /* Release */ = {
			isa = XCBuildConfiguration;
			buildSettings = {
				GCC_PRECOMPILE_PREFIX_HEADER = YES;
				GCC_PREFIX_HEADER = "beatles/beatles-Prefix.pch";
				INFOPLIST_FILE = "beatles/beatles-Info.plist";
				PRODUCT_NAME = "$(TARGET_NAME)";
				WRAPPER_EXTENSION = app;
			};
			name = Release;
		};
/* End XCBuildConfiguration section */

/* Begin XCConfigurationList section */
		38FE006A160231C600D1CDB0 /* Build configuration list for PBXProject "beatles" */ = {
			isa = XCConfigurationList;
			buildConfigurations = (
				38FE008C160231C600D1CDB0 /* Debug */,
				38FE008D160231C600D1CDB0 /* Release */,
			);
			defaultConfigurationIsVisible = 0;
			defaultConfigurationName = Release;
		};
		38FE008E160231C600D1CDB0 /* Build configuration list for PBXNativeTarget "beatles" */ = {
			isa = XCConfigurationList;
			buildConfigurations = (
				38FE008F160231C600D1CDB0 /* Debug */,
				38FE0090160231C600D1CDB0 /* Release */,
			);
			defaultConfigurationIsVisible = 0;
		};
/* End XCConfigurationList section */
	};
	rootObject = 38FE0067160231C600D1CDB0 /* Project object */;
}
