// !$*UTF8*$!
{
	archiveVersion = 1;
	classes = {
	};
	objectVersion = 46;
	objects = {

/* Begin PBXBuildFile section */
		3879035815F9382E00A78133 /* UIKit.framework in Frameworks */ = {isa = PBXBuildFile; fileRef = 3879035715F9382E00A78133 /* UIKit.framework */; };
		3879035A15F9382E00A78133 /* Foundation.framework in Frameworks */ = {isa = PBXBuildFile; fileRef = 3879035915F9382E00A78133 /* Foundation.framework */; };
		3879035C15F9382E00A78133 /* CoreGraphics.framework in Frameworks */ = {isa = PBXBuildFile; fileRef = 3879035B15F9382E00A78133 /* CoreGraphics.framework */; };
		3879036215F9382E00A78133 /* InfoPlist.strings in Resources */ = {isa = PBXBuildFile; fileRef = 3879036015F9382E00A78133 /* InfoPlist.strings */; };
		3879036415F9382E00A78133 /* main.m in Sources */ = {isa = PBXBuildFile; fileRef = 3879036315F9382E00A78133 /* main.m */; };
		3879036815F9382E00A78133 /* MADAppDelegate.m in Sources */ = {isa = PBXBuildFile; fileRef = 3879036715F9382E00A78133 /* MADAppDelegate.m */; };
		3879036B15F9382E00A78133 /* MADViewController.m in Sources */ = {isa = PBXBuildFile; fileRef = 3879036A15F9382E00A78133 /* MADViewController.m */; };
		3879036E15F9382E00A78133 /* MADViewController.xib in Resources */ = {isa = PBXBuildFile; fileRef = 3879036C15F9382E00A78133 /* MADViewController.xib */; };
/* End PBXBuildFile section */

/* Begin PBXFileReference section */
		3879035315F9382E00A78133 /* labtest.app */ = {isa = PBXFileReference; explicitFileType = wrapper.application; includeInIndex = 0; path = labtest.app; sourceTree = BUILT_PRODUCTS_DIR; };
		3879035715F9382E00A78133 /* UIKit.framework */ = {isa = PBXFileReference; lastKnownFileType = wrapper.framework; name = UIKit.framework; path = System/Library/Frameworks/UIKit.framework; sourceTree = SDKROOT; };
		3879035915F9382E00A78133 /* Foundation.framework */ = {isa = PBXFileReference; lastKnownFileType = wrapper.framework; name = Foundation.framework; path = System/Library/Frameworks/Foundation.framework; sourceTree = SDKROOT; };
		3879035B15F9382E00A78133 /* CoreGraphics.framework */ = {isa = PBXFileReference; lastKnownFileType = wrapper.framework; name = CoreGraphics.framework; path = System/Library/Frameworks/CoreGraphics.framework; sourceTree = SDKROOT; };
		3879035F15F9382E00A78133 /* labtest-Info.plist */ = {isa = PBXFileReference; lastKnownFileType = text.plist.xml; path = "labtest-Info.plist"; sourceTree = "<group>"; };
		3879036115F9382E00A78133 /* en */ = {isa = PBXFileReference; lastKnownFileType = text.plist.strings; name = en; path = en.lproj/InfoPlist.strings; sourceTree = "<group>"; };
		3879036315F9382E00A78133 /* main.m */ = {isa = PBXFileReference; lastKnownFileType = sourcecode.c.objc; path = main.m; sourceTree = "<group>"; };
		3879036515F9382E00A78133 /* labtest-Prefix.pch */ = {isa = PBXFileReference; lastKnownFileType = sourcecode.c.h; path = "labtest-Prefix.pch"; sourceTree = "<group>"; };
		3879036615F9382E00A78133 /* MADAppDelegate.h */ = {isa = PBXFileReference; lastKnownFileType = sourcecode.c.h; path = MADAppDelegate.h; sourceTree = "<group>"; };
		3879036715F9382E00A78133 /* MADAppDelegate.m */ = {isa = PBXFileReference; lastKnownFileType = sourcecode.c.objc; path = MADAppDelegate.m; sourceTree = "<group>"; };
		3879036915F9382E00A78133 /* MADViewController.h */ = {isa = PBXFileReference; lastKnownFileType = sourcecode.c.h; path = MADViewController.h; sourceTree = "<group>"; };
		3879036A15F9382E00A78133 /* MADViewController.m */ = {isa = PBXFileReference; lastKnownFileType = sourcecode.c.objc; path = MADViewController.m; sourceTree = "<group>"; };
		3879036D15F9382E00A78133 /* en */ = {isa = PBXFileReference; lastKnownFileType = file.xib; name = en; path = en.lproj/MADViewController.xib; sourceTree = "<group>"; };
/* End PBXFileReference section */

/* Begin PBXFrameworksBuildPhase section */
		3879035015F9382E00A78133 /* Frameworks */ = {
			isa = PBXFrameworksBuildPhase;
			buildActionMask = 2147483647;
			files = (
				3879035815F9382E00A78133 /* UIKit.framework in Frameworks */,
				3879035A15F9382E00A78133 /* Foundation.framework in Frameworks */,
				3879035C15F9382E00A78133 /* CoreGraphics.framework in Frameworks */,
			);
			runOnlyForDeploymentPostprocessing = 0;
		};
/* End PBXFrameworksBuildPhase section */

/* Begin PBXGroup section */
		3879034815F9382E00A78133 = {
			isa = PBXGroup;
			children = (
				3879035D15F9382E00A78133 /* labtest */,
				3879035615F9382E00A78133 /* Frameworks */,
				3879035415F9382E00A78133 /* Products */,
			);
			sourceTree = "<group>";
		};
		3879035415F9382E00A78133 /* Products */ = {
			isa = PBXGroup;
			children = (
				3879035315F9382E00A78133 /* labtest.app */,
			);
			name = Products;
			sourceTree = "<group>";
		};
		3879035615F9382E00A78133 /* Frameworks */ = {
			isa = PBXGroup;
			children = (
				3879035715F9382E00A78133 /* UIKit.framework */,
				3879035915F9382E00A78133 /* Foundation.framework */,
				3879035B15F9382E00A78133 /* CoreGraphics.framework */,
			);
			name = Frameworks;
			sourceTree = "<group>";
		};
		3879035D15F9382E00A78133 /* labtest */ = {
			isa = PBXGroup;
			children = (
				3879036615F9382E00A78133 /* MADAppDelegate.h */,
				3879036715F9382E00A78133 /* MADAppDelegate.m */,
				3879036915F9382E00A78133 /* MADViewController.h */,
				3879036A15F9382E00A78133 /* MADViewController.m */,
				3879036C15F9382E00A78133 /* MADViewController.xib */,
				3879035E15F9382E00A78133 /* Supporting Files */,
			);
			path = labtest;
			sourceTree = "<group>";
		};
		3879035E15F9382E00A78133 /* Supporting Files */ = {
			isa = PBXGroup;
			children = (
				3879035F15F9382E00A78133 /* labtest-Info.plist */,
				3879036015F9382E00A78133 /* InfoPlist.strings */,
				3879036315F9382E00A78133 /* main.m */,
				3879036515F9382E00A78133 /* labtest-Prefix.pch */,
			);
			name = "Supporting Files";
			sourceTree = "<group>";
		};
/* End PBXGroup section */

/* Begin PBXNativeTarget section */
		3879035215F9382E00A78133 /* labtest */ = {
			isa = PBXNativeTarget;
			buildConfigurationList = 3879037115F9382E00A78133 /* Build configuration list for PBXNativeTarget "labtest" */;
			buildPhases = (
				3879034F15F9382E00A78133 /* Sources */,
				3879035015F9382E00A78133 /* Frameworks */,
				3879035115F9382E00A78133 /* Resources */,
			);
			buildRules = (
			);
			dependencies = (
			);
			name = labtest;
			productName = labtest;
			productReference = 3879035315F9382E00A78133 /* labtest.app */;
			productType = "com.apple.product-type.application";
		};
/* End PBXNativeTarget section */

/* Begin PBXProject section */
		3879034A15F9382E00A78133 /* Project object */ = {
			isa = PBXProject;
			attributes = {
				CLASSPREFIX = MAD;
				LastUpgradeCheck = 0440;
				ORGANIZATIONNAME = "Aaron Vimont";
			};
			buildConfigurationList = 3879034D15F9382E00A78133 /* Build configuration list for PBXProject "labtest" */;
			compatibilityVersion = "Xcode 3.2";
			developmentRegion = English;
			hasScannedForEncodings = 0;
			knownRegions = (
				en,
			);
			mainGroup = 3879034815F9382E00A78133;
			productRefGroup = 3879035415F9382E00A78133 /* Products */;
			projectDirPath = "";
			projectRoot = "";
			targets = (
				3879035215F9382E00A78133 /* labtest */,
			);
		};
/* End PBXProject section */

/* Begin PBXResourcesBuildPhase section */
		3879035115F9382E00A78133 /* Resources */ = {
			isa = PBXResourcesBuildPhase;
			buildActionMask = 2147483647;
			files = (
				3879036215F9382E00A78133 /* InfoPlist.strings in Resources */,
				3879036E15F9382E00A78133 /* MADViewController.xib in Resources */,
			);
			runOnlyForDeploymentPostprocessing = 0;
		};
/* End PBXResourcesBuildPhase section */

/* Begin PBXSourcesBuildPhase section */
		3879034F15F9382E00A78133 /* Sources */ = {
			isa = PBXSourcesBuildPhase;
			buildActionMask = 2147483647;
			files = (
				3879036415F9382E00A78133 /* main.m in Sources */,
				3879036815F9382E00A78133 /* MADAppDelegate.m in Sources */,
				3879036B15F9382E00A78133 /* MADViewController.m in Sources */,
			);
			runOnlyForDeploymentPostprocessing = 0;
		};
/* End PBXSourcesBuildPhase section */

/* Begin PBXVariantGroup section */
		3879036015F9382E00A78133 /* InfoPlist.strings */ = {
			isa = PBXVariantGroup;
			children = (
				3879036115F9382E00A78133 /* en */,
			);
			name = InfoPlist.strings;
			sourceTree = "<group>";
		};
		3879036C15F9382E00A78133 /* MADViewController.xib */ = {
			isa = PBXVariantGroup;
			children = (
				3879036D15F9382E00A78133 /* en */,
			);
			name = MADViewController.xib;
			sourceTree = "<group>";
		};
/* End PBXVariantGroup section */

/* Begin XCBuildConfiguration section */
		3879036F15F9382E00A78133 /* Debug */ = {
			isa = XCBuildConfiguration;
			buildSettings = {
				ALWAYS_SEARCH_USER_PATHS = NO;
				ARCHS = "$(ARCHS_STANDARD_32_BIT)";
				CLANG_CXX_LANGUAGE_STANDARD = "gnu++0x";
				CLANG_ENABLE_OBJC_ARC = YES;
				CLANG_WARN__DUPLICATE_METHOD_MATCH = YES;
				"CODE_SIGN_IDENTITY[sdk=iphoneos*]" = "iPhone Developer";
				COPY_PHASE_STRIP = NO;
				GCC_C_LANGUAGE_STANDARD = gnu99;
				GCC_DYNAMIC_NO_PIC = NO;
				GCC_OPTIMIZATION_LEVEL = 0;
				GCC_PREPROCESSOR_DEFINITIONS = (
					"DEBUG=1",
					"$(inherited)",
				);
				GCC_SYMBOLS_PRIVATE_EXTERN = NO;
				GCC_VERSION = com.apple.compilers.llvm.clang.1_0;
				GCC_WARN_ABOUT_RETURN_TYPE = YES;
				GCC_WARN_UNINITIALIZED_AUTOS = YES;
				GCC_WARN_UNUSED_VARIABLE = YES;
				IPHONEOS_DEPLOYMENT_TARGET = 5.1;
				SDKROOT = iphoneos;
				TARGETED_DEVICE_FAMILY = 2;
			};
			name = Debug;
		};
		3879037015F9382E00A78133 /* Release */ = {
			isa = XCBuildConfiguration;
			buildSettings = {
				ALWAYS_SEARCH_USER_PATHS = NO;
				ARCHS = "$(ARCHS_STANDARD_32_BIT)";
				CLANG_CXX_LANGUAGE_STANDARD = "gnu++0x";
				CLANG_ENABLE_OBJC_ARC = YES;
				CLANG_WARN__DUPLICATE_METHOD_MATCH = YES;
				"CODE_SIGN_IDENTITY[sdk=iphoneos*]" = "iPhone Developer";
				COPY_PHASE_STRIP = YES;
				GCC_C_LANGUAGE_STANDARD = gnu99;
				GCC_VERSION = com.apple.compilers.llvm.clang.1_0;
				GCC_WARN_ABOUT_RETURN_TYPE = YES;
				GCC_WARN_UNINITIALIZED_AUTOS = YES;
				GCC_WARN_UNUSED_VARIABLE = YES;
				IPHONEOS_DEPLOYMENT_TARGET = 5.1;
				OTHER_CFLAGS = "-DNS_BLOCK_ASSERTIONS=1";
				SDKROOT = iphoneos;
				TARGETED_DEVICE_FAMILY = 2;
				VALIDATE_PRODUCT = YES;
			};
			name = Release;
		};
		3879037215F9382E00A78133 /* Debug */ = {
			isa = XCBuildConfiguration;
			buildSettings = {
				GCC_PRECOMPILE_PREFIX_HEADER = YES;
				GCC_PREFIX_HEADER = "labtest/labtest-Prefix.pch";
				INFOPLIST_FILE = "labtest/labtest-Info.plist";
				PRODUCT_NAME = "$(TARGET_NAME)";
				WRAPPER_EXTENSION = app;
			};
			name = Debug;
		};
		3879037315F9382E00A78133 /* Release */ = {
			isa = XCBuildConfiguration;
			buildSettings = {
				GCC_PRECOMPILE_PREFIX_HEADER = YES;
				GCC_PREFIX_HEADER = "labtest/labtest-Prefix.pch";
				INFOPLIST_FILE = "labtest/labtest-Info.plist";
				PRODUCT_NAME = "$(TARGET_NAME)";
				WRAPPER_EXTENSION = app;
			};
			name = Release;
		};
/* End XCBuildConfiguration section */

/* Begin XCConfigurationList section */
		3879034D15F9382E00A78133 /* Build configuration list for PBXProject "labtest" */ = {
			isa = XCConfigurationList;
			buildConfigurations = (
				3879036F15F9382E00A78133 /* Debug */,
				3879037015F9382E00A78133 /* Release */,
			);
			defaultConfigurationIsVisible = 0;
			defaultConfigurationName = Release;
		};
		3879037115F9382E00A78133 /* Build configuration list for PBXNativeTarget "labtest" */ = {
			isa = XCConfigurationList;
			buildConfigurations = (
				3879037215F9382E00A78133 /* Debug */,
				3879037315F9382E00A78133 /* Release */,
			);
			defaultConfigurationIsVisible = 0;
		};
/* End XCConfigurationList section */
	};
	rootObject = 3879034A15F9382E00A78133 /* Project object */;
}
