// !$*UTF8*$!
{
	archiveVersion = 1;
	classes = {
	};
	objectVersion = 46;
	objects = {

/* Begin PBXBuildFile section */
		9894213D1606DDCB00790D9B /* UIKit.framework in Frameworks */ = {isa = PBXBuildFile; fileRef = 9894213C1606DDCB00790D9B /* UIKit.framework */; };
		9894213F1606DDCB00790D9B /* Foundation.framework in Frameworks */ = {isa = PBXBuildFile; fileRef = 9894213E1606DDCB00790D9B /* Foundation.framework */; };
		989421411606DDCB00790D9B /* CoreGraphics.framework in Frameworks */ = {isa = PBXBuildFile; fileRef = 989421401606DDCB00790D9B /* CoreGraphics.framework */; };
		989421471606DDCB00790D9B /* InfoPlist.strings in Resources */ = {isa = PBXBuildFile; fileRef = 989421451606DDCB00790D9B /* InfoPlist.strings */; };
		989421491606DDCB00790D9B /* main.m in Sources */ = {isa = PBXBuildFile; fileRef = 989421481606DDCB00790D9B /* main.m */; };
		9894214D1606DDCB00790D9B /* MADAppDelegate.m in Sources */ = {isa = PBXBuildFile; fileRef = 9894214C1606DDCB00790D9B /* MADAppDelegate.m */; };
		989421501606DDCB00790D9B /* MADViewController.m in Sources */ = {isa = PBXBuildFile; fileRef = 9894214F1606DDCB00790D9B /* MADViewController.m */; };
		989421531606DDCB00790D9B /* MADViewController.xib in Resources */ = {isa = PBXBuildFile; fileRef = 989421511606DDCB00790D9B /* MADViewController.xib */; };
		989C9ACE1612980100F753A3 /* yankees_mets_300.png in Resources */ = {isa = PBXBuildFile; fileRef = 989C9ACB1612980100F753A3 /* yankees_mets_300.png */; };
		989C9ACF1612980100F753A3 /* metslogo300.png in Resources */ = {isa = PBXBuildFile; fileRef = 989C9ACC1612980100F753A3 /* metslogo300.png */; };
		989C9AD01612980100F753A3 /* Yankees-logo-300x300.png in Resources */ = {isa = PBXBuildFile; fileRef = 989C9ACD1612980100F753A3 /* Yankees-logo-300x300.png */; };
/* End PBXBuildFile section */

/* Begin PBXFileReference section */
		989421381606DDCB00790D9B /* YankeeMet.app */ = {isa = PBXFileReference; explicitFileType = wrapper.application; includeInIndex = 0; path = YankeeMet.app; sourceTree = BUILT_PRODUCTS_DIR; };
		9894213C1606DDCB00790D9B /* UIKit.framework */ = {isa = PBXFileReference; lastKnownFileType = wrapper.framework; name = UIKit.framework; path = System/Library/Frameworks/UIKit.framework; sourceTree = SDKROOT; };
		9894213E1606DDCB00790D9B /* Foundation.framework */ = {isa = PBXFileReference; lastKnownFileType = wrapper.framework; name = Foundation.framework; path = System/Library/Frameworks/Foundation.framework; sourceTree = SDKROOT; };
		989421401606DDCB00790D9B /* CoreGraphics.framework */ = {isa = PBXFileReference; lastKnownFileType = wrapper.framework; name = CoreGraphics.framework; path = System/Library/Frameworks/CoreGraphics.framework; sourceTree = SDKROOT; };
		989421441606DDCB00790D9B /* YankeeMet-Info.plist */ = {isa = PBXFileReference; lastKnownFileType = text.plist.xml; path = "YankeeMet-Info.plist"; sourceTree = "<group>"; };
		989421461606DDCB00790D9B /* en */ = {isa = PBXFileReference; lastKnownFileType = text.plist.strings; name = en; path = en.lproj/InfoPlist.strings; sourceTree = "<group>"; };
		989421481606DDCB00790D9B /* main.m */ = {isa = PBXFileReference; lastKnownFileType = sourcecode.c.objc; path = main.m; sourceTree = "<group>"; };
		9894214A1606DDCB00790D9B /* YankeeMet-Prefix.pch */ = {isa = PBXFileReference; lastKnownFileType = sourcecode.c.h; path = "YankeeMet-Prefix.pch"; sourceTree = "<group>"; };
		9894214B1606DDCB00790D9B /* MADAppDelegate.h */ = {isa = PBXFileReference; lastKnownFileType = sourcecode.c.h; path = MADAppDelegate.h; sourceTree = "<group>"; };
		9894214C1606DDCB00790D9B /* MADAppDelegate.m */ = {isa = PBXFileReference; lastKnownFileType = sourcecode.c.objc; path = MADAppDelegate.m; sourceTree = "<group>"; };
		9894214E1606DDCB00790D9B /* MADViewController.h */ = {isa = PBXFileReference; lastKnownFileType = sourcecode.c.h; path = MADViewController.h; sourceTree = "<group>"; };
		9894214F1606DDCB00790D9B /* MADViewController.m */ = {isa = PBXFileReference; lastKnownFileType = sourcecode.c.objc; path = MADViewController.m; sourceTree = "<group>"; };
		989421521606DDCB00790D9B /* en */ = {isa = PBXFileReference; lastKnownFileType = file.xib; name = en; path = en.lproj/MADViewController.xib; sourceTree = "<group>"; };
		989C9ACB1612980100F753A3 /* yankees_mets_300.png */ = {isa = PBXFileReference; lastKnownFileType = image.png; path = yankees_mets_300.png; sourceTree = "<group>"; };
		989C9ACC1612980100F753A3 /* metslogo300.png */ = {isa = PBXFileReference; lastKnownFileType = image.png; path = metslogo300.png; sourceTree = "<group>"; };
		989C9ACD1612980100F753A3 /* Yankees-logo-300x300.png */ = {isa = PBXFileReference; lastKnownFileType = image.png; path = "Yankees-logo-300x300.png"; sourceTree = "<group>"; };
/* End PBXFileReference section */

/* Begin PBXFrameworksBuildPhase section */
		989421351606DDCB00790D9B /* Frameworks */ = {
			isa = PBXFrameworksBuildPhase;
			buildActionMask = 2147483647;
			files = (
				9894213D1606DDCB00790D9B /* UIKit.framework in Frameworks */,
				9894213F1606DDCB00790D9B /* Foundation.framework in Frameworks */,
				989421411606DDCB00790D9B /* CoreGraphics.framework in Frameworks */,
			);
			runOnlyForDeploymentPostprocessing = 0;
		};
/* End PBXFrameworksBuildPhase section */

/* Begin PBXGroup section */
		9894212D1606DDCB00790D9B = {
			isa = PBXGroup;
			children = (
				989421421606DDCB00790D9B /* YankeeMet */,
				9894213B1606DDCB00790D9B /* Frameworks */,
				989421391606DDCB00790D9B /* Products */,
			);
			sourceTree = "<group>";
		};
		989421391606DDCB00790D9B /* Products */ = {
			isa = PBXGroup;
			children = (
				989421381606DDCB00790D9B /* YankeeMet.app */,
			);
			name = Products;
			sourceTree = "<group>";
		};
		9894213B1606DDCB00790D9B /* Frameworks */ = {
			isa = PBXGroup;
			children = (
				9894213C1606DDCB00790D9B /* UIKit.framework */,
				9894213E1606DDCB00790D9B /* Foundation.framework */,
				989421401606DDCB00790D9B /* CoreGraphics.framework */,
			);
			name = Frameworks;
			sourceTree = "<group>";
		};
		989421421606DDCB00790D9B /* YankeeMet */ = {
			isa = PBXGroup;
			children = (
				9894214B1606DDCB00790D9B /* MADAppDelegate.h */,
				9894214C1606DDCB00790D9B /* MADAppDelegate.m */,
				9894214E1606DDCB00790D9B /* MADViewController.h */,
				9894214F1606DDCB00790D9B /* MADViewController.m */,
				989421511606DDCB00790D9B /* MADViewController.xib */,
				989421431606DDCB00790D9B /* Supporting Files */,
			);
			path = YankeeMet;
			sourceTree = "<group>";
		};
		989421431606DDCB00790D9B /* Supporting Files */ = {
			isa = PBXGroup;
			children = (
				989C9ACB1612980100F753A3 /* yankees_mets_300.png */,
				989C9ACC1612980100F753A3 /* metslogo300.png */,
				989C9ACD1612980100F753A3 /* Yankees-logo-300x300.png */,
				989421441606DDCB00790D9B /* YankeeMet-Info.plist */,
				989421451606DDCB00790D9B /* InfoPlist.strings */,
				989421481606DDCB00790D9B /* main.m */,
				9894214A1606DDCB00790D9B /* YankeeMet-Prefix.pch */,
			);
			name = "Supporting Files";
			sourceTree = "<group>";
		};
/* End PBXGroup section */

/* Begin PBXNativeTarget section */
		989421371606DDCB00790D9B /* YankeeMet */ = {
			isa = PBXNativeTarget;
			buildConfigurationList = 989421561606DDCB00790D9B /* Build configuration list for PBXNativeTarget "YankeeMet" */;
			buildPhases = (
				989421341606DDCB00790D9B /* Sources */,
				989421351606DDCB00790D9B /* Frameworks */,
				989421361606DDCB00790D9B /* Resources */,
			);
			buildRules = (
			);
			dependencies = (
			);
			name = YankeeMet;
			productName = YankeeMet;
			productReference = 989421381606DDCB00790D9B /* YankeeMet.app */;
			productType = "com.apple.product-type.application";
		};
/* End PBXNativeTarget section */

/* Begin PBXProject section */
		9894212F1606DDCB00790D9B /* Project object */ = {
			isa = PBXProject;
			attributes = {
				CLASSPREFIX = MAD;
				LastUpgradeCheck = 0440;
				ORGANIZATIONNAME = "Jenna Raderstrong";
			};
			buildConfigurationList = 989421321606DDCB00790D9B /* Build configuration list for PBXProject "YankeeMet" */;
			compatibilityVersion = "Xcode 3.2";
			developmentRegion = English;
			hasScannedForEncodings = 0;
			knownRegions = (
				en,
			);
			mainGroup = 9894212D1606DDCB00790D9B;
			productRefGroup = 989421391606DDCB00790D9B /* Products */;
			projectDirPath = "";
			projectRoot = "";
			targets = (
				989421371606DDCB00790D9B /* YankeeMet */,
			);
		};
/* End PBXProject section */

/* Begin PBXResourcesBuildPhase section */
		989421361606DDCB00790D9B /* Resources */ = {
			isa = PBXResourcesBuildPhase;
			buildActionMask = 2147483647;
			files = (
				989421471606DDCB00790D9B /* InfoPlist.strings in Resources */,
				989421531606DDCB00790D9B /* MADViewController.xib in Resources */,
				989C9ACE1612980100F753A3 /* yankees_mets_300.png in Resources */,
				989C9ACF1612980100F753A3 /* metslogo300.png in Resources */,
				989C9AD01612980100F753A3 /* Yankees-logo-300x300.png in Resources */,
			);
			runOnlyForDeploymentPostprocessing = 0;
		};
/* End PBXResourcesBuildPhase section */

/* Begin PBXSourcesBuildPhase section */
		989421341606DDCB00790D9B /* Sources */ = {
			isa = PBXSourcesBuildPhase;
			buildActionMask = 2147483647;
			files = (
				989421491606DDCB00790D9B /* main.m in Sources */,
				9894214D1606DDCB00790D9B /* MADAppDelegate.m in Sources */,
				989421501606DDCB00790D9B /* MADViewController.m in Sources */,
			);
			runOnlyForDeploymentPostprocessing = 0;
		};
/* End PBXSourcesBuildPhase section */

/* Begin PBXVariantGroup section */
		989421451606DDCB00790D9B /* InfoPlist.strings */ = {
			isa = PBXVariantGroup;
			children = (
				989421461606DDCB00790D9B /* en */,
			);
			name = InfoPlist.strings;
			sourceTree = "<group>";
		};
		989421511606DDCB00790D9B /* MADViewController.xib */ = {
			isa = PBXVariantGroup;
			children = (
				989421521606DDCB00790D9B /* en */,
			);
			name = MADViewController.xib;
			sourceTree = "<group>";
		};
/* End PBXVariantGroup section */

/* Begin XCBuildConfiguration section */
		989421541606DDCB00790D9B /* Debug */ = {
			isa = XCBuildConfiguration;
			buildSettings = {
				ALWAYS_SEARCH_USER_PATHS = NO;
				ARCHS = "$(ARCHS_STANDARD_32_BIT)";
				CLANG_CXX_LANGUAGE_STANDARD = "gnu++0x";
				CLANG_ENABLE_OBJC_ARC = YES;
				CLANG_WARN__DUPLICATE_METHOD_MATCH = YES;
				"CODE_SIGN_IDENTITY[sdk=iphoneos*]" = "iPhone Developer";
				COPY_PHASE_STRIP = NO;
				GCC_C_LANGUAGE_STANDARD = gnu99;
				GCC_DYNAMIC_NO_PIC = NO;
				GCC_OPTIMIZATION_LEVEL = 0;
				GCC_PREPROCESSOR_DEFINITIONS = (
					"DEBUG=1",
					"$(inherited)",
				);
				GCC_SYMBOLS_PRIVATE_EXTERN = NO;
				GCC_VERSION = com.apple.compilers.llvm.clang.1_0;
				GCC_WARN_ABOUT_RETURN_TYPE = YES;
				GCC_WARN_UNINITIALIZED_AUTOS = YES;
				GCC_WARN_UNUSED_VARIABLE = YES;
				IPHONEOS_DEPLOYMENT_TARGET = 5.1;
				SDKROOT = iphoneos;
			};
			name = Debug;
		};
		989421551606DDCB00790D9B /* Release */ = {
			isa = XCBuildConfiguration;
			buildSettings = {
				ALWAYS_SEARCH_USER_PATHS = NO;
				ARCHS = "$(ARCHS_STANDARD_32_BIT)";
				CLANG_CXX_LANGUAGE_STANDARD = "gnu++0x";
				CLANG_ENABLE_OBJC_ARC = YES;
				CLANG_WARN__DUPLICATE_METHOD_MATCH = YES;
				"CODE_SIGN_IDENTITY[sdk=iphoneos*]" = "iPhone Developer";
				COPY_PHASE_STRIP = YES;
				GCC_C_LANGUAGE_STANDARD = gnu99;
				GCC_VERSION = com.apple.compilers.llvm.clang.1_0;
				GCC_WARN_ABOUT_RETURN_TYPE = YES;
				GCC_WARN_UNINITIALIZED_AUTOS = YES;
				GCC_WARN_UNUSED_VARIABLE = YES;
				IPHONEOS_DEPLOYMENT_TARGET = 5.1;
				OTHER_CFLAGS = "-DNS_BLOCK_ASSERTIONS=1";
				SDKROOT = iphoneos;
				VALIDATE_PRODUCT = YES;
			};
			name = Release;
		};
		989421571606DDCB00790D9B /* Debug */ = {
			isa = XCBuildConfiguration;
			buildSettings = {
				GCC_PRECOMPILE_PREFIX_HEADER = YES;
				GCC_PREFIX_HEADER = "YankeeMet/YankeeMet-Prefix.pch";
				INFOPLIST_FILE = "YankeeMet/YankeeMet-Info.plist";
				PRODUCT_NAME = "$(TARGET_NAME)";
				WRAPPER_EXTENSION = app;
			};
			name = Debug;
		};
		989421581606DDCB00790D9B /* Release */ = {
			isa = XCBuildConfiguration;
			buildSettings = {
				GCC_PRECOMPILE_PREFIX_HEADER = YES;
				GCC_PREFIX_HEADER = "YankeeMet/YankeeMet-Prefix.pch";
				INFOPLIST_FILE = "YankeeMet/YankeeMet-Info.plist";
				PRODUCT_NAME = "$(TARGET_NAME)";
				WRAPPER_EXTENSION = app;
			};
			name = Release;
		};
/* End XCBuildConfiguration section */

/* Begin XCConfigurationList section */
		989421321606DDCB00790D9B /* Build configuration list for PBXProject "YankeeMet" */ = {
			isa = XCConfigurationList;
			buildConfigurations = (
				989421541606DDCB00790D9B /* Debug */,
				989421551606DDCB00790D9B /* Release */,
			);
			defaultConfigurationIsVisible = 0;
			defaultConfigurationName = Release;
		};
		989421561606DDCB00790D9B /* Build configuration list for PBXNativeTarget "YankeeMet" */ = {
			isa = XCConfigurationList;
			buildConfigurations = (
				989421571606DDCB00790D9B /* Debug */,
				989421581606DDCB00790D9B /* Release */,
			);
			defaultConfigurationIsVisible = 0;
			defaultConfigurationName = Release;
		};
/* End XCConfigurationList section */
	};
	rootObject = 9894212F1606DDCB00790D9B /* Project object */;
}
