// !$*UTF8*$!
{
	archiveVersion = 1;
	classes = {
	};
	objectVersion = 46;
	objects = {

/* Begin PBXBuildFile section */
		96C786FA1608CA5C001A4C25 /* UIKit.framework in Frameworks */ = {isa = PBXBuildFile; fileRef = 96C786F91608CA5C001A4C25 /* UIKit.framework */; };
		96C786FC1608CA5C001A4C25 /* Foundation.framework in Frameworks */ = {isa = PBXBuildFile; fileRef = 96C786FB1608CA5C001A4C25 /* Foundation.framework */; };
		96C786FE1608CA5C001A4C25 /* CoreGraphics.framework in Frameworks */ = {isa = PBXBuildFile; fileRef = 96C786FD1608CA5C001A4C25 /* CoreGraphics.framework */; };
		96C787041608CA5C001A4C25 /* InfoPlist.strings in Resources */ = {isa = PBXBuildFile; fileRef = 96C787021608CA5C001A4C25 /* InfoPlist.strings */; };
		96C787061608CA5C001A4C25 /* main.m in Sources */ = {isa = PBXBuildFile; fileRef = 96C787051608CA5C001A4C25 /* main.m */; };
		96C7870A1608CA5C001A4C25 /* MADAppDelegate.m in Sources */ = {isa = PBXBuildFile; fileRef = 96C787091608CA5C001A4C25 /* MADAppDelegate.m */; };
		96C7870D1608CA5C001A4C25 /* MADViewController.m in Sources */ = {isa = PBXBuildFile; fileRef = 96C7870C1608CA5C001A4C25 /* MADViewController.m */; };
		96C787101608CA5C001A4C25 /* MADViewController.xib in Resources */ = {isa = PBXBuildFile; fileRef = 96C7870E1608CA5C001A4C25 /* MADViewController.xib */; };
/* End PBXBuildFile section */

/* Begin PBXFileReference section */
		96C786F51608CA5C001A4C25 /* tipcalculator.app */ = {isa = PBXFileReference; explicitFileType = wrapper.application; includeInIndex = 0; path = tipcalculator.app; sourceTree = BUILT_PRODUCTS_DIR; };
		96C786F91608CA5C001A4C25 /* UIKit.framework */ = {isa = PBXFileReference; lastKnownFileType = wrapper.framework; name = UIKit.framework; path = System/Library/Frameworks/UIKit.framework; sourceTree = SDKROOT; };
		96C786FB1608CA5C001A4C25 /* Foundation.framework */ = {isa = PBXFileReference; lastKnownFileType = wrapper.framework; name = Foundation.framework; path = System/Library/Frameworks/Foundation.framework; sourceTree = SDKROOT; };
		96C786FD1608CA5C001A4C25 /* CoreGraphics.framework */ = {isa = PBXFileReference; lastKnownFileType = wrapper.framework; name = CoreGraphics.framework; path = System/Library/Frameworks/CoreGraphics.framework; sourceTree = SDKROOT; };
		96C787011608CA5C001A4C25 /* tipcalculator-Info.plist */ = {isa = PBXFileReference; lastKnownFileType = text.plist.xml; path = "tipcalculator-Info.plist"; sourceTree = "<group>"; };
		96C787031608CA5C001A4C25 /* en */ = {isa = PBXFileReference; lastKnownFileType = text.plist.strings; name = en; path = en.lproj/InfoPlist.strings; sourceTree = "<group>"; };
		96C787051608CA5C001A4C25 /* main.m */ = {isa = PBXFileReference; lastKnownFileType = sourcecode.c.objc; path = main.m; sourceTree = "<group>"; };
		96C787071608CA5C001A4C25 /* tipcalculator-Prefix.pch */ = {isa = PBXFileReference; lastKnownFileType = sourcecode.c.h; path = "tipcalculator-Prefix.pch"; sourceTree = "<group>"; };
		96C787081608CA5C001A4C25 /* MADAppDelegate.h */ = {isa = PBXFileReference; lastKnownFileType = sourcecode.c.h; path = MADAppDelegate.h; sourceTree = "<group>"; };
		96C787091608CA5C001A4C25 /* MADAppDelegate.m */ = {isa = PBXFileReference; lastKnownFileType = sourcecode.c.objc; path = MADAppDelegate.m; sourceTree = "<group>"; };
		96C7870B1608CA5C001A4C25 /* MADViewController.h */ = {isa = PBXFileReference; lastKnownFileType = sourcecode.c.h; path = MADViewController.h; sourceTree = "<group>"; };
		96C7870C1608CA5C001A4C25 /* MADViewController.m */ = {isa = PBXFileReference; lastKnownFileType = sourcecode.c.objc; path = MADViewController.m; sourceTree = "<group>"; };
		96C7870F1608CA5C001A4C25 /* en */ = {isa = PBXFileReference; lastKnownFileType = file.xib; name = en; path = en.lproj/MADViewController.xib; sourceTree = "<group>"; };
/* End PBXFileReference section */

/* Begin PBXFrameworksBuildPhase section */
		96C786F21608CA5C001A4C25 /* Frameworks */ = {
			isa = PBXFrameworksBuildPhase;
			buildActionMask = 2147483647;
			files = (
				96C786FA1608CA5C001A4C25 /* UIKit.framework in Frameworks */,
				96C786FC1608CA5C001A4C25 /* Foundation.framework in Frameworks */,
				96C786FE1608CA5C001A4C25 /* CoreGraphics.framework in Frameworks */,
			);
			runOnlyForDeploymentPostprocessing = 0;
		};
/* End PBXFrameworksBuildPhase section */

/* Begin PBXGroup section */
		96C786EA1608CA5C001A4C25 = {
			isa = PBXGroup;
			children = (
				96C786FF1608CA5C001A4C25 /* tipcalculator */,
				96C786F81608CA5C001A4C25 /* Frameworks */,
				96C786F61608CA5C001A4C25 /* Products */,
			);
			sourceTree = "<group>";
		};
		96C786F61608CA5C001A4C25 /* Products */ = {
			isa = PBXGroup;
			children = (
				96C786F51608CA5C001A4C25 /* tipcalculator.app */,
			);
			name = Products;
			sourceTree = "<group>";
		};
		96C786F81608CA5C001A4C25 /* Frameworks */ = {
			isa = PBXGroup;
			children = (
				96C786F91608CA5C001A4C25 /* UIKit.framework */,
				96C786FB1608CA5C001A4C25 /* Foundation.framework */,
				96C786FD1608CA5C001A4C25 /* CoreGraphics.framework */,
			);
			name = Frameworks;
			sourceTree = "<group>";
		};
		96C786FF1608CA5C001A4C25 /* tipcalculator */ = {
			isa = PBXGroup;
			children = (
				96C787081608CA5C001A4C25 /* MADAppDelegate.h */,
				96C787091608CA5C001A4C25 /* MADAppDelegate.m */,
				96C7870B1608CA5C001A4C25 /* MADViewController.h */,
				96C7870C1608CA5C001A4C25 /* MADViewController.m */,
				96C7870E1608CA5C001A4C25 /* MADViewController.xib */,
				96C787001608CA5C001A4C25 /* Supporting Files */,
			);
			path = tipcalculator;
			sourceTree = "<group>";
		};
		96C787001608CA5C001A4C25 /* Supporting Files */ = {
			isa = PBXGroup;
			children = (
				96C787011608CA5C001A4C25 /* tipcalculator-Info.plist */,
				96C787021608CA5C001A4C25 /* InfoPlist.strings */,
				96C787051608CA5C001A4C25 /* main.m */,
				96C787071608CA5C001A4C25 /* tipcalculator-Prefix.pch */,
			);
			name = "Supporting Files";
			sourceTree = "<group>";
		};
/* End PBXGroup section */

/* Begin PBXNativeTarget section */
		96C786F41608CA5C001A4C25 /* tipcalculator */ = {
			isa = PBXNativeTarget;
			buildConfigurationList = 96C787131608CA5C001A4C25 /* Build configuration list for PBXNativeTarget "tipcalculator" */;
			buildPhases = (
				96C786F11608CA5C001A4C25 /* Sources */,
				96C786F21608CA5C001A4C25 /* Frameworks */,
				96C786F31608CA5C001A4C25 /* Resources */,
			);
			buildRules = (
			);
			dependencies = (
			);
			name = tipcalculator;
			productName = tipcalculator;
			productReference = 96C786F51608CA5C001A4C25 /* tipcalculator.app */;
			productType = "com.apple.product-type.application";
		};
/* End PBXNativeTarget section */

/* Begin PBXProject section */
		96C786EC1608CA5C001A4C25 /* Project object */ = {
			isa = PBXProject;
			attributes = {
				CLASSPREFIX = MAD;
				LastUpgradeCheck = 0430;
			};
			buildConfigurationList = 96C786EF1608CA5C001A4C25 /* Build configuration list for PBXProject "tipcalculator" */;
			compatibilityVersion = "Xcode 3.2";
			developmentRegion = English;
			hasScannedForEncodings = 0;
			knownRegions = (
				en,
			);
			mainGroup = 96C786EA1608CA5C001A4C25;
			productRefGroup = 96C786F61608CA5C001A4C25 /* Products */;
			projectDirPath = "";
			projectRoot = "";
			targets = (
				96C786F41608CA5C001A4C25 /* tipcalculator */,
			);
		};
/* End PBXProject section */

/* Begin PBXResourcesBuildPhase section */
		96C786F31608CA5C001A4C25 /* Resources */ = {
			isa = PBXResourcesBuildPhase;
			buildActionMask = 2147483647;
			files = (
				96C787041608CA5C001A4C25 /* InfoPlist.strings in Resources */,
				96C787101608CA5C001A4C25 /* MADViewController.xib in Resources */,
			);
			runOnlyForDeploymentPostprocessing = 0;
		};
/* End PBXResourcesBuildPhase section */

/* Begin PBXSourcesBuildPhase section */
		96C786F11608CA5C001A4C25 /* Sources */ = {
			isa = PBXSourcesBuildPhase;
			buildActionMask = 2147483647;
			files = (
				96C787061608CA5C001A4C25 /* main.m in Sources */,
				96C7870A1608CA5C001A4C25 /* MADAppDelegate.m in Sources */,
				96C7870D1608CA5C001A4C25 /* MADViewController.m in Sources */,
			);
			runOnlyForDeploymentPostprocessing = 0;
		};
/* End PBXSourcesBuildPhase section */

/* Begin PBXVariantGroup section */
		96C787021608CA5C001A4C25 /* InfoPlist.strings */ = {
			isa = PBXVariantGroup;
			children = (
				96C787031608CA5C001A4C25 /* en */,
			);
			name = InfoPlist.strings;
			sourceTree = "<group>";
		};
		96C7870E1608CA5C001A4C25 /* MADViewController.xib */ = {
			isa = PBXVariantGroup;
			children = (
				96C7870F1608CA5C001A4C25 /* en */,
			);
			name = MADViewController.xib;
			sourceTree = "<group>";
		};
/* End PBXVariantGroup section */

/* Begin XCBuildConfiguration section */
		96C787111608CA5C001A4C25 /* Debug */ = {
			isa = XCBuildConfiguration;
			buildSettings = {
				ALWAYS_SEARCH_USER_PATHS = NO;
				ARCHS = "$(ARCHS_STANDARD_32_BIT)";
				CLANG_ENABLE_OBJC_ARC = YES;
				"CODE_SIGN_IDENTITY[sdk=iphoneos*]" = "iPhone Developer";
				COPY_PHASE_STRIP = NO;
				GCC_C_LANGUAGE_STANDARD = gnu99;
				GCC_DYNAMIC_NO_PIC = NO;
				GCC_OPTIMIZATION_LEVEL = 0;
				GCC_PREPROCESSOR_DEFINITIONS = (
					"DEBUG=1",
					"$(inherited)",
				);
				GCC_SYMBOLS_PRIVATE_EXTERN = NO;
				GCC_VERSION = com.apple.compilers.llvm.clang.1_0;
				GCC_WARN_ABOUT_RETURN_TYPE = YES;
				GCC_WARN_UNINITIALIZED_AUTOS = YES;
				GCC_WARN_UNUSED_VARIABLE = YES;
				IPHONEOS_DEPLOYMENT_TARGET = 5.1;
				SDKROOT = iphoneos;
			};
			name = Debug;
		};
		96C787121608CA5C001A4C25 /* Release */ = {
			isa = XCBuildConfiguration;
			buildSettings = {
				ALWAYS_SEARCH_USER_PATHS = NO;
				ARCHS = "$(ARCHS_STANDARD_32_BIT)";
				CLANG_ENABLE_OBJC_ARC = YES;
				"CODE_SIGN_IDENTITY[sdk=iphoneos*]" = "iPhone Developer";
				COPY_PHASE_STRIP = YES;
				GCC_C_LANGUAGE_STANDARD = gnu99;
				GCC_VERSION = com.apple.compilers.llvm.clang.1_0;
				GCC_WARN_ABOUT_RETURN_TYPE = YES;
				GCC_WARN_UNINITIALIZED_AUTOS = YES;
				GCC_WARN_UNUSED_VARIABLE = YES;
				IPHONEOS_DEPLOYMENT_TARGET = 5.1;
				OTHER_CFLAGS = "-DNS_BLOCK_ASSERTIONS=1";
				SDKROOT = iphoneos;
				VALIDATE_PRODUCT = YES;
			};
			name = Release;
		};
		96C787141608CA5C001A4C25 /* Debug */ = {
			isa = XCBuildConfiguration;
			buildSettings = {
				GCC_PRECOMPILE_PREFIX_HEADER = YES;
				GCC_PREFIX_HEADER = "tipcalculator/tipcalculator-Prefix.pch";
				INFOPLIST_FILE = "tipcalculator/tipcalculator-Info.plist";
				PRODUCT_NAME = "$(TARGET_NAME)";
				WRAPPER_EXTENSION = app;
			};
			name = Debug;
		};
		96C787151608CA5C001A4C25 /* Release */ = {
			isa = XCBuildConfiguration;
			buildSettings = {
				GCC_PRECOMPILE_PREFIX_HEADER = YES;
				GCC_PREFIX_HEADER = "tipcalculator/tipcalculator-Prefix.pch";
				INFOPLIST_FILE = "tipcalculator/tipcalculator-Info.plist";
				PRODUCT_NAME = "$(TARGET_NAME)";
				WRAPPER_EXTENSION = app;
			};
			name = Release;
		};
/* End XCBuildConfiguration section */

/* Begin XCConfigurationList section */
		96C786EF1608CA5C001A4C25 /* Build configuration list for PBXProject "tipcalculator" */ = {
			isa = XCConfigurationList;
			buildConfigurations = (
				96C787111608CA5C001A4C25 /* Debug */,
				96C787121608CA5C001A4C25 /* Release */,
			);
			defaultConfigurationIsVisible = 0;
			defaultConfigurationName = Release;
		};
		96C787131608CA5C001A4C25 /* Build configuration list for PBXNativeTarget "tipcalculator" */ = {
			isa = XCConfigurationList;
			buildConfigurations = (
				96C787141608CA5C001A4C25 /* Debug */,
				96C787151608CA5C001A4C25 /* Release */,
			);
			defaultConfigurationIsVisible = 0;
		};
/* End XCConfigurationList section */
	};
	rootObject = 96C786EC1608CA5C001A4C25 /* Project object */;
}
