// !$*UTF8*$!
{
	archiveVersion = 1;
	classes = {
	};
	objectVersion = 46;
	objects = {

/* Begin PBXBuildFile section */
		98294483161E20BE00C5F549 /* 57.png in Resources */ = {isa = PBXBuildFile; fileRef = 98294482161E20BE00C5F549 /* 57.png */; };
		98294485161E20C100C5F549 /* 114.png in Resources */ = {isa = PBXBuildFile; fileRef = 98294484161E20C100C5F549 /* 114.png */; };
		982BBD02161B44330019F591 /* Brown.jpeg in Resources */ = {isa = PBXBuildFile; fileRef = 982BBCFF161B44330019F591 /* Brown.jpeg */; };
		982BBD03161B44330019F591 /* lightgreen.jpeg in Resources */ = {isa = PBXBuildFile; fileRef = 982BBD00161B44330019F591 /* lightgreen.jpeg */; };
		982BBD04161B44330019F591 /* bluegreen.gif in Resources */ = {isa = PBXBuildFile; fileRef = 982BBD01161B44330019F591 /* bluegreen.gif */; };
		986D8D3C161D454600406405 /* MADViewController.xib in Resources */ = {isa = PBXBuildFile; fileRef = 986D8D3B161D454600406405 /* MADViewController.xib */; };
		98BD78291618C2610057BBF3 /* UIKit.framework in Frameworks */ = {isa = PBXBuildFile; fileRef = 98BD78281618C2610057BBF3 /* UIKit.framework */; };
		98BD782B1618C2610057BBF3 /* Foundation.framework in Frameworks */ = {isa = PBXBuildFile; fileRef = 98BD782A1618C2610057BBF3 /* Foundation.framework */; };
		98BD782D1618C2610057BBF3 /* CoreGraphics.framework in Frameworks */ = {isa = PBXBuildFile; fileRef = 98BD782C1618C2610057BBF3 /* CoreGraphics.framework */; };
		98BD78331618C2610057BBF3 /* InfoPlist.strings in Resources */ = {isa = PBXBuildFile; fileRef = 98BD78311618C2610057BBF3 /* InfoPlist.strings */; };
		98BD78351618C2610057BBF3 /* main.m in Sources */ = {isa = PBXBuildFile; fileRef = 98BD78341618C2610057BBF3 /* main.m */; };
		98BD78391618C2610057BBF3 /* MADAppDelegate.m in Sources */ = {isa = PBXBuildFile; fileRef = 98BD78381618C2610057BBF3 /* MADAppDelegate.m */; };
		98BD783C1618C2610057BBF3 /* MADViewController.m in Sources */ = {isa = PBXBuildFile; fileRef = 98BD783B1618C2610057BBF3 /* MADViewController.m */; };
		98BD784B1618C43C0057BBF3 /* blue.png in Resources */ = {isa = PBXBuildFile; fileRef = 98BD78451618C43C0057BBF3 /* blue.png */; };
		98BD784C1618C43C0057BBF3 /* green.jpeg in Resources */ = {isa = PBXBuildFile; fileRef = 98BD78461618C43C0057BBF3 /* green.jpeg */; };
		98BD784D1618C43C0057BBF3 /* orange.jpeg in Resources */ = {isa = PBXBuildFile; fileRef = 98BD78471618C43C0057BBF3 /* orange.jpeg */; };
		98BD784E1618C43C0057BBF3 /* Purple.jpeg in Resources */ = {isa = PBXBuildFile; fileRef = 98BD78481618C43C0057BBF3 /* Purple.jpeg */; };
		98BD784F1618C43C0057BBF3 /* red.png in Resources */ = {isa = PBXBuildFile; fileRef = 98BD78491618C43C0057BBF3 /* red.png */; };
		98BD78501618C43C0057BBF3 /* yellow.png in Resources */ = {isa = PBXBuildFile; fileRef = 98BD784A1618C43C0057BBF3 /* yellow.png */; };
/* End PBXBuildFile section */

/* Begin PBXFileReference section */
		98294482161E20BE00C5F549 /* 57.png */ = {isa = PBXFileReference; lastKnownFileType = image.png; name = 57.png; path = ../57.png; sourceTree = "<group>"; };
		98294484161E20C100C5F549 /* 114.png */ = {isa = PBXFileReference; lastKnownFileType = image.png; name = 114.png; path = ../114.png; sourceTree = "<group>"; };
		982BBCFF161B44330019F591 /* Brown.jpeg */ = {isa = PBXFileReference; lastKnownFileType = image.jpeg; path = Brown.jpeg; sourceTree = "<group>"; };
		982BBD00161B44330019F591 /* lightgreen.jpeg */ = {isa = PBXFileReference; lastKnownFileType = image.jpeg; path = lightgreen.jpeg; sourceTree = "<group>"; };
		982BBD01161B44330019F591 /* bluegreen.gif */ = {isa = PBXFileReference; lastKnownFileType = image.gif; path = bluegreen.gif; sourceTree = "<group>"; };
		986D8D3B161D454600406405 /* MADViewController.xib */ = {isa = PBXFileReference; fileEncoding = 4; lastKnownFileType = file.xib; path = MADViewController.xib; sourceTree = "<group>"; };
		98BD78241618C2610057BBF3 /* ColorMixer.app */ = {isa = PBXFileReference; explicitFileType = wrapper.application; includeInIndex = 0; path = ColorMixer.app; sourceTree = BUILT_PRODUCTS_DIR; };
		98BD78281618C2610057BBF3 /* UIKit.framework */ = {isa = PBXFileReference; lastKnownFileType = wrapper.framework; name = UIKit.framework; path = System/Library/Frameworks/UIKit.framework; sourceTree = SDKROOT; };
		98BD782A1618C2610057BBF3 /* Foundation.framework */ = {isa = PBXFileReference; lastKnownFileType = wrapper.framework; name = Foundation.framework; path = System/Library/Frameworks/Foundation.framework; sourceTree = SDKROOT; };
		98BD782C1618C2610057BBF3 /* CoreGraphics.framework */ = {isa = PBXFileReference; lastKnownFileType = wrapper.framework; name = CoreGraphics.framework; path = System/Library/Frameworks/CoreGraphics.framework; sourceTree = SDKROOT; };
		98BD78301618C2610057BBF3 /* ColorMixer-Info.plist */ = {isa = PBXFileReference; lastKnownFileType = text.plist.xml; path = "ColorMixer-Info.plist"; sourceTree = "<group>"; };
		98BD78321618C2610057BBF3 /* en */ = {isa = PBXFileReference; lastKnownFileType = text.plist.strings; name = en; path = en.lproj/InfoPlist.strings; sourceTree = "<group>"; };
		98BD78341618C2610057BBF3 /* main.m */ = {isa = PBXFileReference; lastKnownFileType = sourcecode.c.objc; path = main.m; sourceTree = "<group>"; };
		98BD78361618C2610057BBF3 /* ColorMixer-Prefix.pch */ = {isa = PBXFileReference; lastKnownFileType = sourcecode.c.h; path = "ColorMixer-Prefix.pch"; sourceTree = "<group>"; };
		98BD78371618C2610057BBF3 /* MADAppDelegate.h */ = {isa = PBXFileReference; lastKnownFileType = sourcecode.c.h; path = MADAppDelegate.h; sourceTree = "<group>"; };
		98BD78381618C2610057BBF3 /* MADAppDelegate.m */ = {isa = PBXFileReference; lastKnownFileType = sourcecode.c.objc; path = MADAppDelegate.m; sourceTree = "<group>"; };
		98BD783A1618C2610057BBF3 /* MADViewController.h */ = {isa = PBXFileReference; lastKnownFileType = sourcecode.c.h; path = MADViewController.h; sourceTree = "<group>"; };
		98BD783B1618C2610057BBF3 /* MADViewController.m */ = {isa = PBXFileReference; lastKnownFileType = sourcecode.c.objc; path = MADViewController.m; sourceTree = "<group>"; };
		98BD78451618C43C0057BBF3 /* blue.png */ = {isa = PBXFileReference; lastKnownFileType = image.png; path = blue.png; sourceTree = "<group>"; };
		98BD78461618C43C0057BBF3 /* green.jpeg */ = {isa = PBXFileReference; lastKnownFileType = image.jpeg; path = green.jpeg; sourceTree = "<group>"; };
		98BD78471618C43C0057BBF3 /* orange.jpeg */ = {isa = PBXFileReference; lastKnownFileType = image.jpeg; path = orange.jpeg; sourceTree = "<group>"; };
		98BD78481618C43C0057BBF3 /* Purple.jpeg */ = {isa = PBXFileReference; lastKnownFileType = image.jpeg; path = Purple.jpeg; sourceTree = "<group>"; };
		98BD78491618C43C0057BBF3 /* red.png */ = {isa = PBXFileReference; lastKnownFileType = image.png; path = red.png; sourceTree = "<group>"; };
		98BD784A1618C43C0057BBF3 /* yellow.png */ = {isa = PBXFileReference; lastKnownFileType = image.png; path = yellow.png; sourceTree = "<group>"; };
/* End PBXFileReference section */

/* Begin PBXFrameworksBuildPhase section */
		98BD78211618C2610057BBF3 /* Frameworks */ = {
			isa = PBXFrameworksBuildPhase;
			buildActionMask = 2147483647;
			files = (
				98BD78291618C2610057BBF3 /* UIKit.framework in Frameworks */,
				98BD782B1618C2610057BBF3 /* Foundation.framework in Frameworks */,
				98BD782D1618C2610057BBF3 /* CoreGraphics.framework in Frameworks */,
			);
			runOnlyForDeploymentPostprocessing = 0;
		};
/* End PBXFrameworksBuildPhase section */

/* Begin PBXGroup section */
		98BD78191618C2610057BBF3 = {
			isa = PBXGroup;
			children = (
				98BD782E1618C2610057BBF3 /* ColorMixer */,
				98BD78271618C2610057BBF3 /* Frameworks */,
				98BD78251618C2610057BBF3 /* Products */,
			);
			sourceTree = "<group>";
		};
		98BD78251618C2610057BBF3 /* Products */ = {
			isa = PBXGroup;
			children = (
				98BD78241618C2610057BBF3 /* ColorMixer.app */,
			);
			name = Products;
			sourceTree = "<group>";
		};
		98BD78271618C2610057BBF3 /* Frameworks */ = {
			isa = PBXGroup;
			children = (
				98BD78281618C2610057BBF3 /* UIKit.framework */,
				98BD782A1618C2610057BBF3 /* Foundation.framework */,
				98BD782C1618C2610057BBF3 /* CoreGraphics.framework */,
			);
			name = Frameworks;
			sourceTree = "<group>";
		};
		98BD782E1618C2610057BBF3 /* ColorMixer */ = {
			isa = PBXGroup;
			children = (
				98BD78371618C2610057BBF3 /* MADAppDelegate.h */,
				98BD78381618C2610057BBF3 /* MADAppDelegate.m */,
				98BD783A1618C2610057BBF3 /* MADViewController.h */,
				98BD783B1618C2610057BBF3 /* MADViewController.m */,
				986D8D3B161D454600406405 /* MADViewController.xib */,
				98BD782F1618C2610057BBF3 /* Supporting Files */,
			);
			path = ColorMixer;
			sourceTree = "<group>";
		};
		98BD782F1618C2610057BBF3 /* Supporting Files */ = {
			isa = PBXGroup;
			children = (
				982BBCFF161B44330019F591 /* Brown.jpeg */,
				98294484161E20C100C5F549 /* 114.png */,
				98294482161E20BE00C5F549 /* 57.png */,
				982BBD00161B44330019F591 /* lightgreen.jpeg */,
				982BBD01161B44330019F591 /* bluegreen.gif */,
				98BD78451618C43C0057BBF3 /* blue.png */,
				98BD78461618C43C0057BBF3 /* green.jpeg */,
				98BD78471618C43C0057BBF3 /* orange.jpeg */,
				98BD78481618C43C0057BBF3 /* Purple.jpeg */,
				98BD78491618C43C0057BBF3 /* red.png */,
				98BD784A1618C43C0057BBF3 /* yellow.png */,
				98BD78301618C2610057BBF3 /* ColorMixer-Info.plist */,
				98BD78311618C2610057BBF3 /* InfoPlist.strings */,
				98BD78341618C2610057BBF3 /* main.m */,
				98BD78361618C2610057BBF3 /* ColorMixer-Prefix.pch */,
			);
			name = "Supporting Files";
			sourceTree = "<group>";
		};
/* End PBXGroup section */

/* Begin PBXNativeTarget section */
		98BD78231618C2610057BBF3 /* ColorMixer */ = {
			isa = PBXNativeTarget;
			buildConfigurationList = 98BD78421618C2610057BBF3 /* Build configuration list for PBXNativeTarget "ColorMixer" */;
			buildPhases = (
				98BD78201618C2610057BBF3 /* Sources */,
				98BD78211618C2610057BBF3 /* Frameworks */,
				98BD78221618C2610057BBF3 /* Resources */,
			);
			buildRules = (
			);
			dependencies = (
			);
			name = ColorMixer;
			productName = ColorMixer;
			productReference = 98BD78241618C2610057BBF3 /* ColorMixer.app */;
			productType = "com.apple.product-type.application";
		};
/* End PBXNativeTarget section */

/* Begin PBXProject section */
		98BD781B1618C2610057BBF3 /* Project object */ = {
			isa = PBXProject;
			attributes = {
				CLASSPREFIX = MAD;
				LastUpgradeCheck = 0440;
				ORGANIZATIONNAME = "Jenna Raderstrong";
			};
			buildConfigurationList = 98BD781E1618C2610057BBF3 /* Build configuration list for PBXProject "ColorMixer" */;
			compatibilityVersion = "Xcode 3.2";
			developmentRegion = English;
			hasScannedForEncodings = 0;
			knownRegions = (
				en,
			);
			mainGroup = 98BD78191618C2610057BBF3;
			productRefGroup = 98BD78251618C2610057BBF3 /* Products */;
			projectDirPath = "";
			projectRoot = "";
			targets = (
				98BD78231618C2610057BBF3 /* ColorMixer */,
			);
		};
/* End PBXProject section */

/* Begin PBXResourcesBuildPhase section */
		98BD78221618C2610057BBF3 /* Resources */ = {
			isa = PBXResourcesBuildPhase;
			buildActionMask = 2147483647;
			files = (
				98BD78331618C2610057BBF3 /* InfoPlist.strings in Resources */,
				98BD784B1618C43C0057BBF3 /* blue.png in Resources */,
				98BD784C1618C43C0057BBF3 /* green.jpeg in Resources */,
				98BD784D1618C43C0057BBF3 /* orange.jpeg in Resources */,
				98BD784E1618C43C0057BBF3 /* Purple.jpeg in Resources */,
				98BD784F1618C43C0057BBF3 /* red.png in Resources */,
				98BD78501618C43C0057BBF3 /* yellow.png in Resources */,
				982BBD02161B44330019F591 /* Brown.jpeg in Resources */,
				982BBD03161B44330019F591 /* lightgreen.jpeg in Resources */,
				982BBD04161B44330019F591 /* bluegreen.gif in Resources */,
				986D8D3C161D454600406405 /* MADViewController.xib in Resources */,
				98294483161E20BE00C5F549 /* 57.png in Resources */,
				98294485161E20C100C5F549 /* 114.png in Resources */,
			);
			runOnlyForDeploymentPostprocessing = 0;
		};
/* End PBXResourcesBuildPhase section */

/* Begin PBXSourcesBuildPhase section */
		98BD78201618C2610057BBF3 /* Sources */ = {
			isa = PBXSourcesBuildPhase;
			buildActionMask = 2147483647;
			files = (
				98BD78351618C2610057BBF3 /* main.m in Sources */,
				98BD78391618C2610057BBF3 /* MADAppDelegate.m in Sources */,
				98BD783C1618C2610057BBF3 /* MADViewController.m in Sources */,
			);
			runOnlyForDeploymentPostprocessing = 0;
		};
/* End PBXSourcesBuildPhase section */

/* Begin PBXVariantGroup section */
		98BD78311618C2610057BBF3 /* InfoPlist.strings */ = {
			isa = PBXVariantGroup;
			children = (
				98BD78321618C2610057BBF3 /* en */,
			);
			name = InfoPlist.strings;
			sourceTree = "<group>";
		};
/* End PBXVariantGroup section */

/* Begin XCBuildConfiguration section */
		98BD78401618C2610057BBF3 /* Debug */ = {
			isa = XCBuildConfiguration;
			buildSettings = {
				ALWAYS_SEARCH_USER_PATHS = NO;
				ARCHS = "$(ARCHS_STANDARD_32_BIT)";
				CLANG_CXX_LANGUAGE_STANDARD = "gnu++0x";
				CLANG_ENABLE_OBJC_ARC = YES;
				CLANG_WARN__DUPLICATE_METHOD_MATCH = YES;
				"CODE_SIGN_IDENTITY[sdk=iphoneos*]" = "iPhone Developer";
				COPY_PHASE_STRIP = NO;
				GCC_C_LANGUAGE_STANDARD = gnu99;
				GCC_DYNAMIC_NO_PIC = NO;
				GCC_OPTIMIZATION_LEVEL = 0;
				GCC_PREPROCESSOR_DEFINITIONS = (
					"DEBUG=1",
					"$(inherited)",
				);
				GCC_SYMBOLS_PRIVATE_EXTERN = NO;
				GCC_VERSION = com.apple.compilers.llvm.clang.1_0;
				GCC_WARN_ABOUT_RETURN_TYPE = YES;
				GCC_WARN_UNINITIALIZED_AUTOS = YES;
				GCC_WARN_UNUSED_VARIABLE = YES;
				IPHONEOS_DEPLOYMENT_TARGET = 5.1;
				SDKROOT = iphoneos;
			};
			name = Debug;
		};
		98BD78411618C2610057BBF3 /* Release */ = {
			isa = XCBuildConfiguration;
			buildSettings = {
				ALWAYS_SEARCH_USER_PATHS = NO;
				ARCHS = "$(ARCHS_STANDARD_32_BIT)";
				CLANG_CXX_LANGUAGE_STANDARD = "gnu++0x";
				CLANG_ENABLE_OBJC_ARC = YES;
				CLANG_WARN__DUPLICATE_METHOD_MATCH = YES;
				"CODE_SIGN_IDENTITY[sdk=iphoneos*]" = "iPhone Developer";
				COPY_PHASE_STRIP = YES;
				GCC_C_LANGUAGE_STANDARD = gnu99;
				GCC_VERSION = com.apple.compilers.llvm.clang.1_0;
				GCC_WARN_ABOUT_RETURN_TYPE = YES;
				GCC_WARN_UNINITIALIZED_AUTOS = YES;
				GCC_WARN_UNUSED_VARIABLE = YES;
				IPHONEOS_DEPLOYMENT_TARGET = 5.1;
				OTHER_CFLAGS = "-DNS_BLOCK_ASSERTIONS=1";
				SDKROOT = iphoneos;
				VALIDATE_PRODUCT = YES;
			};
			name = Release;
		};
		98BD78431618C2610057BBF3 /* Debug */ = {
			isa = XCBuildConfiguration;
			buildSettings = {
				GCC_PRECOMPILE_PREFIX_HEADER = YES;
				GCC_PREFIX_HEADER = "ColorMixer/ColorMixer-Prefix.pch";
				INFOPLIST_FILE = "ColorMixer/ColorMixer-Info.plist";
				PRODUCT_NAME = "$(TARGET_NAME)";
				WRAPPER_EXTENSION = app;
			};
			name = Debug;
		};
		98BD78441618C2610057BBF3 /* Release */ = {
			isa = XCBuildConfiguration;
			buildSettings = {
				GCC_PRECOMPILE_PREFIX_HEADER = YES;
				GCC_PREFIX_HEADER = "ColorMixer/ColorMixer-Prefix.pch";
				INFOPLIST_FILE = "ColorMixer/ColorMixer-Info.plist";
				PRODUCT_NAME = "$(TARGET_NAME)";
				WRAPPER_EXTENSION = app;
			};
			name = Release;
		};
/* End XCBuildConfiguration section */

/* Begin XCConfigurationList section */
		98BD781E1618C2610057BBF3 /* Build configuration list for PBXProject "ColorMixer" */ = {
			isa = XCConfigurationList;
			buildConfigurations = (
				98BD78401618C2610057BBF3 /* Debug */,
				98BD78411618C2610057BBF3 /* Release */,
			);
			defaultConfigurationIsVisible = 0;
			defaultConfigurationName = Release;
		};
		98BD78421618C2610057BBF3 /* Build configuration list for PBXNativeTarget "ColorMixer" */ = {
			isa = XCConfigurationList;
			buildConfigurations = (
				98BD78431618C2610057BBF3 /* Debug */,
				98BD78441618C2610057BBF3 /* Release */,
			);
			defaultConfigurationIsVisible = 0;
			defaultConfigurationName = Release;
		};
/* End XCConfigurationList section */
	};
	rootObject = 98BD781B1618C2610057BBF3 /* Project object */;
}
