// !$*UTF8*$!
{
	archiveVersion = 1;
	classes = {
	};
	objectVersion = 46;
	objects = {

/* Begin PBXBuildFile section */
		0F9B11071601AA620039647D /* UIKit.framework in Frameworks */ = {isa = PBXBuildFile; fileRef = 0F9B11061601AA620039647D /* UIKit.framework */; };
		0F9B11091601AA620039647D /* Foundation.framework in Frameworks */ = {isa = PBXBuildFile; fileRef = 0F9B11081601AA620039647D /* Foundation.framework */; };
		0F9B110B1601AA620039647D /* CoreGraphics.framework in Frameworks */ = {isa = PBXBuildFile; fileRef = 0F9B110A1601AA620039647D /* CoreGraphics.framework */; };
		0F9B11111601AA620039647D /* InfoPlist.strings in Resources */ = {isa = PBXBuildFile; fileRef = 0F9B110F1601AA620039647D /* InfoPlist.strings */; };
		0F9B11131601AA620039647D /* main.m in Sources */ = {isa = PBXBuildFile; fileRef = 0F9B11121601AA620039647D /* main.m */; };
		0F9B11171601AA620039647D /* MADAppDelegate.m in Sources */ = {isa = PBXBuildFile; fileRef = 0F9B11161601AA620039647D /* MADAppDelegate.m */; };
		0F9B111A1601AA620039647D /* MADViewController.m in Sources */ = {isa = PBXBuildFile; fileRef = 0F9B11191601AA620039647D /* MADViewController.m */; };
		0F9B111D1601AA620039647D /* MADViewController.xib in Resources */ = {isa = PBXBuildFile; fileRef = 0F9B111B1601AA620039647D /* MADViewController.xib */; };
/* End PBXBuildFile section */

/* Begin PBXFileReference section */
		0F9B11021601AA620039647D /* HelloWorld1.app */ = {isa = PBXFileReference; explicitFileType = wrapper.application; includeInIndex = 0; path = HelloWorld1.app; sourceTree = BUILT_PRODUCTS_DIR; };
		0F9B11061601AA620039647D /* UIKit.framework */ = {isa = PBXFileReference; lastKnownFileType = wrapper.framework; name = UIKit.framework; path = System/Library/Frameworks/UIKit.framework; sourceTree = SDKROOT; };
		0F9B11081601AA620039647D /* Foundation.framework */ = {isa = PBXFileReference; lastKnownFileType = wrapper.framework; name = Foundation.framework; path = System/Library/Frameworks/Foundation.framework; sourceTree = SDKROOT; };
		0F9B110A1601AA620039647D /* CoreGraphics.framework */ = {isa = PBXFileReference; lastKnownFileType = wrapper.framework; name = CoreGraphics.framework; path = System/Library/Frameworks/CoreGraphics.framework; sourceTree = SDKROOT; };
		0F9B110E1601AA620039647D /* HelloWorld1-Info.plist */ = {isa = PBXFileReference; lastKnownFileType = text.plist.xml; path = "HelloWorld1-Info.plist"; sourceTree = "<group>"; };
		0F9B11101601AA620039647D /* en */ = {isa = PBXFileReference; lastKnownFileType = text.plist.strings; name = en; path = en.lproj/InfoPlist.strings; sourceTree = "<group>"; };
		0F9B11121601AA620039647D /* main.m */ = {isa = PBXFileReference; lastKnownFileType = sourcecode.c.objc; path = main.m; sourceTree = "<group>"; };
		0F9B11141601AA620039647D /* HelloWorld1-Prefix.pch */ = {isa = PBXFileReference; lastKnownFileType = sourcecode.c.h; path = "HelloWorld1-Prefix.pch"; sourceTree = "<group>"; };
		0F9B11151601AA620039647D /* MADAppDelegate.h */ = {isa = PBXFileReference; lastKnownFileType = sourcecode.c.h; path = MADAppDelegate.h; sourceTree = "<group>"; };
		0F9B11161601AA620039647D /* MADAppDelegate.m */ = {isa = PBXFileReference; lastKnownFileType = sourcecode.c.objc; path = MADAppDelegate.m; sourceTree = "<group>"; };
		0F9B11181601AA620039647D /* MADViewController.h */ = {isa = PBXFileReference; lastKnownFileType = sourcecode.c.h; path = MADViewController.h; sourceTree = "<group>"; };
		0F9B11191601AA620039647D /* MADViewController.m */ = {isa = PBXFileReference; lastKnownFileType = sourcecode.c.objc; path = MADViewController.m; sourceTree = "<group>"; };
		0F9B111C1601AA620039647D /* en */ = {isa = PBXFileReference; lastKnownFileType = file.xib; name = en; path = en.lproj/MADViewController.xib; sourceTree = "<group>"; };
/* End PBXFileReference section */

/* Begin PBXFrameworksBuildPhase section */
		0F9B10FF1601AA620039647D /* Frameworks */ = {
			isa = PBXFrameworksBuildPhase;
			buildActionMask = 2147483647;
			files = (
				0F9B11071601AA620039647D /* UIKit.framework in Frameworks */,
				0F9B11091601AA620039647D /* Foundation.framework in Frameworks */,
				0F9B110B1601AA620039647D /* CoreGraphics.framework in Frameworks */,
			);
			runOnlyForDeploymentPostprocessing = 0;
		};
/* End PBXFrameworksBuildPhase section */

/* Begin PBXGroup section */
		0F9B10F71601AA620039647D = {
			isa = PBXGroup;
			children = (
				0F9B110C1601AA620039647D /* HelloWorld1 */,
				0F9B11051601AA620039647D /* Frameworks */,
				0F9B11031601AA620039647D /* Products */,
			);
			sourceTree = "<group>";
		};
		0F9B11031601AA620039647D /* Products */ = {
			isa = PBXGroup;
			children = (
				0F9B11021601AA620039647D /* HelloWorld1.app */,
			);
			name = Products;
			sourceTree = "<group>";
		};
		0F9B11051601AA620039647D /* Frameworks */ = {
			isa = PBXGroup;
			children = (
				0F9B11061601AA620039647D /* UIKit.framework */,
				0F9B11081601AA620039647D /* Foundation.framework */,
				0F9B110A1601AA620039647D /* CoreGraphics.framework */,
			);
			name = Frameworks;
			sourceTree = "<group>";
		};
		0F9B110C1601AA620039647D /* HelloWorld1 */ = {
			isa = PBXGroup;
			children = (
				0F9B11151601AA620039647D /* MADAppDelegate.h */,
				0F9B11161601AA620039647D /* MADAppDelegate.m */,
				0F9B11181601AA620039647D /* MADViewController.h */,
				0F9B11191601AA620039647D /* MADViewController.m */,
				0F9B111B1601AA620039647D /* MADViewController.xib */,
				0F9B110D1601AA620039647D /* Supporting Files */,
			);
			path = HelloWorld1;
			sourceTree = "<group>";
		};
		0F9B110D1601AA620039647D /* Supporting Files */ = {
			isa = PBXGroup;
			children = (
				0F9B110E1601AA620039647D /* HelloWorld1-Info.plist */,
				0F9B110F1601AA620039647D /* InfoPlist.strings */,
				0F9B11121601AA620039647D /* main.m */,
				0F9B11141601AA620039647D /* HelloWorld1-Prefix.pch */,
			);
			name = "Supporting Files";
			sourceTree = "<group>";
		};
/* End PBXGroup section */

/* Begin PBXNativeTarget section */
		0F9B11011601AA620039647D /* HelloWorld1 */ = {
			isa = PBXNativeTarget;
			buildConfigurationList = 0F9B11201601AA620039647D /* Build configuration list for PBXNativeTarget "HelloWorld1" */;
			buildPhases = (
				0F9B10FE1601AA620039647D /* Sources */,
				0F9B10FF1601AA620039647D /* Frameworks */,
				0F9B11001601AA620039647D /* Resources */,
			);
			buildRules = (
			);
			dependencies = (
			);
			name = HelloWorld1;
			productName = HelloWorld1;
			productReference = 0F9B11021601AA620039647D /* HelloWorld1.app */;
			productType = "com.apple.product-type.application";
		};
/* End PBXNativeTarget section */

/* Begin PBXProject section */
		0F9B10F91601AA620039647D /* Project object */ = {
			isa = PBXProject;
			attributes = {
				CLASSPREFIX = MAD;
				LastUpgradeCheck = 0440;
				ORGANIZATIONNAME = "Chris Giersch";
			};
			buildConfigurationList = 0F9B10FC1601AA620039647D /* Build configuration list for PBXProject "HelloWorld1" */;
			compatibilityVersion = "Xcode 3.2";
			developmentRegion = English;
			hasScannedForEncodings = 0;
			knownRegions = (
				en,
			);
			mainGroup = 0F9B10F71601AA620039647D;
			productRefGroup = 0F9B11031601AA620039647D /* Products */;
			projectDirPath = "";
			projectRoot = "";
			targets = (
				0F9B11011601AA620039647D /* HelloWorld1 */,
			);
		};
/* End PBXProject section */

/* Begin PBXResourcesBuildPhase section */
		0F9B11001601AA620039647D /* Resources */ = {
			isa = PBXResourcesBuildPhase;
			buildActionMask = 2147483647;
			files = (
				0F9B11111601AA620039647D /* InfoPlist.strings in Resources */,
				0F9B111D1601AA620039647D /* MADViewController.xib in Resources */,
			);
			runOnlyForDeploymentPostprocessing = 0;
		};
/* End PBXResourcesBuildPhase section */

/* Begin PBXSourcesBuildPhase section */
		0F9B10FE1601AA620039647D /* Sources */ = {
			isa = PBXSourcesBuildPhase;
			buildActionMask = 2147483647;
			files = (
				0F9B11131601AA620039647D /* main.m in Sources */,
				0F9B11171601AA620039647D /* MADAppDelegate.m in Sources */,
				0F9B111A1601AA620039647D /* MADViewController.m in Sources */,
			);
			runOnlyForDeploymentPostprocessing = 0;
		};
/* End PBXSourcesBuildPhase section */

/* Begin PBXVariantGroup section */
		0F9B110F1601AA620039647D /* InfoPlist.strings */ = {
			isa = PBXVariantGroup;
			children = (
				0F9B11101601AA620039647D /* en */,
			);
			name = InfoPlist.strings;
			sourceTree = "<group>";
		};
		0F9B111B1601AA620039647D /* MADViewController.xib */ = {
			isa = PBXVariantGroup;
			children = (
				0F9B111C1601AA620039647D /* en */,
			);
			name = MADViewController.xib;
			sourceTree = "<group>";
		};
/* End PBXVariantGroup section */

/* Begin XCBuildConfiguration section */
		0F9B111E1601AA620039647D /* Debug */ = {
			isa = XCBuildConfiguration;
			buildSettings = {
				ALWAYS_SEARCH_USER_PATHS = NO;
				ARCHS = "$(ARCHS_STANDARD_32_BIT)";
				CLANG_CXX_LANGUAGE_STANDARD = "gnu++0x";
				CLANG_ENABLE_OBJC_ARC = YES;
				CLANG_WARN__DUPLICATE_METHOD_MATCH = YES;
				"CODE_SIGN_IDENTITY[sdk=iphoneos*]" = "iPhone Developer";
				COPY_PHASE_STRIP = NO;
				GCC_C_LANGUAGE_STANDARD = gnu99;
				GCC_DYNAMIC_NO_PIC = NO;
				GCC_OPTIMIZATION_LEVEL = 0;
				GCC_PREPROCESSOR_DEFINITIONS = (
					"DEBUG=1",
					"$(inherited)",
				);
				GCC_SYMBOLS_PRIVATE_EXTERN = NO;
				GCC_VERSION = com.apple.compilers.llvm.clang.1_0;
				GCC_WARN_ABOUT_RETURN_TYPE = YES;
				GCC_WARN_UNINITIALIZED_AUTOS = YES;
				GCC_WARN_UNUSED_VARIABLE = YES;
				IPHONEOS_DEPLOYMENT_TARGET = 5.1;
				SDKROOT = iphoneos;
			};
			name = Debug;
		};
		0F9B111F1601AA620039647D /* Release */ = {
			isa = XCBuildConfiguration;
			buildSettings = {
				ALWAYS_SEARCH_USER_PATHS = NO;
				ARCHS = "$(ARCHS_STANDARD_32_BIT)";
				CLANG_CXX_LANGUAGE_STANDARD = "gnu++0x";
				CLANG_ENABLE_OBJC_ARC = YES;
				CLANG_WARN__DUPLICATE_METHOD_MATCH = YES;
				"CODE_SIGN_IDENTITY[sdk=iphoneos*]" = "iPhone Developer";
				COPY_PHASE_STRIP = YES;
				GCC_C_LANGUAGE_STANDARD = gnu99;
				GCC_VERSION = com.apple.compilers.llvm.clang.1_0;
				GCC_WARN_ABOUT_RETURN_TYPE = YES;
				GCC_WARN_UNINITIALIZED_AUTOS = YES;
				GCC_WARN_UNUSED_VARIABLE = YES;
				IPHONEOS_DEPLOYMENT_TARGET = 5.1;
				OTHER_CFLAGS = "-DNS_BLOCK_ASSERTIONS=1";
				SDKROOT = iphoneos;
				VALIDATE_PRODUCT = YES;
			};
			name = Release;
		};
		0F9B11211601AA620039647D /* Debug */ = {
			isa = XCBuildConfiguration;
			buildSettings = {
				GCC_PRECOMPILE_PREFIX_HEADER = YES;
				GCC_PREFIX_HEADER = "HelloWorld1/HelloWorld1-Prefix.pch";
				INFOPLIST_FILE = "HelloWorld1/HelloWorld1-Info.plist";
				PRODUCT_NAME = "$(TARGET_NAME)";
				WRAPPER_EXTENSION = app;
			};
			name = Debug;
		};
		0F9B11221601AA620039647D /* Release */ = {
			isa = XCBuildConfiguration;
			buildSettings = {
				GCC_PRECOMPILE_PREFIX_HEADER = YES;
				GCC_PREFIX_HEADER = "HelloWorld1/HelloWorld1-Prefix.pch";
				INFOPLIST_FILE = "HelloWorld1/HelloWorld1-Info.plist";
				PRODUCT_NAME = "$(TARGET_NAME)";
				WRAPPER_EXTENSION = app;
			};
			name = Release;
		};
/* End XCBuildConfiguration section */

/* Begin XCConfigurationList section */
		0F9B10FC1601AA620039647D /* Build configuration list for PBXProject "HelloWorld1" */ = {
			isa = XCConfigurationList;
			buildConfigurations = (
				0F9B111E1601AA620039647D /* Debug */,
				0F9B111F1601AA620039647D /* Release */,
			);
			defaultConfigurationIsVisible = 0;
			defaultConfigurationName = Release;
		};
		0F9B11201601AA620039647D /* Build configuration list for PBXNativeTarget "HelloWorld1" */ = {
			isa = XCConfigurationList;
			buildConfigurations = (
				0F9B11211601AA620039647D /* Debug */,
				0F9B11221601AA620039647D /* Release */,
			);
			defaultConfigurationIsVisible = 0;
		};
/* End XCConfigurationList section */
	};
	rootObject = 0F9B10F91601AA620039647D /* Project object */;
}
