// !$*UTF8*$!
{
	archiveVersion = 1;
	classes = {
	};
	objectVersion = 46;
	objects = {

/* Begin PBXBuildFile section */
		AF9293451608CA63007F8B29 /* UIKit.framework in Frameworks */ = {isa = PBXBuildFile; fileRef = AF9293441608CA63007F8B29 /* UIKit.framework */; };
		AF9293471608CA63007F8B29 /* Foundation.framework in Frameworks */ = {isa = PBXBuildFile; fileRef = AF9293461608CA63007F8B29 /* Foundation.framework */; };
		AF9293491608CA63007F8B29 /* CoreGraphics.framework in Frameworks */ = {isa = PBXBuildFile; fileRef = AF9293481608CA63007F8B29 /* CoreGraphics.framework */; };
		AF92934F1608CA63007F8B29 /* InfoPlist.strings in Resources */ = {isa = PBXBuildFile; fileRef = AF92934D1608CA63007F8B29 /* InfoPlist.strings */; };
		AF9293511608CA63007F8B29 /* main.m in Sources */ = {isa = PBXBuildFile; fileRef = AF9293501608CA63007F8B29 /* main.m */; };
		AF9293551608CA63007F8B29 /* MADAppDelegate.m in Sources */ = {isa = PBXBuildFile; fileRef = AF9293541608CA63007F8B29 /* MADAppDelegate.m */; };
		AF9293581608CA63007F8B29 /* MADViewController.m in Sources */ = {isa = PBXBuildFile; fileRef = AF9293571608CA63007F8B29 /* MADViewController.m */; };
		AF92935B1608CA63007F8B29 /* MADViewController.xib in Resources */ = {isa = PBXBuildFile; fileRef = AF9293591608CA63007F8B29 /* MADViewController.xib */; };
/* End PBXBuildFile section */

/* Begin PBXFileReference section */
		AF9293401608CA63007F8B29 /* tipcalculator1.app */ = {isa = PBXFileReference; explicitFileType = wrapper.application; includeInIndex = 0; path = tipcalculator1.app; sourceTree = BUILT_PRODUCTS_DIR; };
		AF9293441608CA63007F8B29 /* UIKit.framework */ = {isa = PBXFileReference; lastKnownFileType = wrapper.framework; name = UIKit.framework; path = System/Library/Frameworks/UIKit.framework; sourceTree = SDKROOT; };
		AF9293461608CA63007F8B29 /* Foundation.framework */ = {isa = PBXFileReference; lastKnownFileType = wrapper.framework; name = Foundation.framework; path = System/Library/Frameworks/Foundation.framework; sourceTree = SDKROOT; };
		AF9293481608CA63007F8B29 /* CoreGraphics.framework */ = {isa = PBXFileReference; lastKnownFileType = wrapper.framework; name = CoreGraphics.framework; path = System/Library/Frameworks/CoreGraphics.framework; sourceTree = SDKROOT; };
		AF92934C1608CA63007F8B29 /* tipcalculator1-Info.plist */ = {isa = PBXFileReference; lastKnownFileType = text.plist.xml; path = "tipcalculator1-Info.plist"; sourceTree = "<group>"; };
		AF92934E1608CA63007F8B29 /* en */ = {isa = PBXFileReference; lastKnownFileType = text.plist.strings; name = en; path = en.lproj/InfoPlist.strings; sourceTree = "<group>"; };
		AF9293501608CA63007F8B29 /* main.m */ = {isa = PBXFileReference; lastKnownFileType = sourcecode.c.objc; path = main.m; sourceTree = "<group>"; };
		AF9293521608CA63007F8B29 /* tipcalculator1-Prefix.pch */ = {isa = PBXFileReference; lastKnownFileType = sourcecode.c.h; path = "tipcalculator1-Prefix.pch"; sourceTree = "<group>"; };
		AF9293531608CA63007F8B29 /* MADAppDelegate.h */ = {isa = PBXFileReference; lastKnownFileType = sourcecode.c.h; path = MADAppDelegate.h; sourceTree = "<group>"; };
		AF9293541608CA63007F8B29 /* MADAppDelegate.m */ = {isa = PBXFileReference; lastKnownFileType = sourcecode.c.objc; path = MADAppDelegate.m; sourceTree = "<group>"; };
		AF9293561608CA63007F8B29 /* MADViewController.h */ = {isa = PBXFileReference; lastKnownFileType = sourcecode.c.h; path = MADViewController.h; sourceTree = "<group>"; };
		AF9293571608CA63007F8B29 /* MADViewController.m */ = {isa = PBXFileReference; lastKnownFileType = sourcecode.c.objc; path = MADViewController.m; sourceTree = "<group>"; };
		AF92935A1608CA63007F8B29 /* en */ = {isa = PBXFileReference; lastKnownFileType = file.xib; name = en; path = en.lproj/MADViewController.xib; sourceTree = "<group>"; };
/* End PBXFileReference section */

/* Begin PBXFrameworksBuildPhase section */
		AF92933D1608CA63007F8B29 /* Frameworks */ = {
			isa = PBXFrameworksBuildPhase;
			buildActionMask = 2147483647;
			files = (
				AF9293451608CA63007F8B29 /* UIKit.framework in Frameworks */,
				AF9293471608CA63007F8B29 /* Foundation.framework in Frameworks */,
				AF9293491608CA63007F8B29 /* CoreGraphics.framework in Frameworks */,
			);
			runOnlyForDeploymentPostprocessing = 0;
		};
/* End PBXFrameworksBuildPhase section */

/* Begin PBXGroup section */
		AF9293351608CA63007F8B29 = {
			isa = PBXGroup;
			children = (
				AF92934A1608CA63007F8B29 /* tipcalculator1 */,
				AF9293431608CA63007F8B29 /* Frameworks */,
				AF9293411608CA63007F8B29 /* Products */,
			);
			sourceTree = "<group>";
		};
		AF9293411608CA63007F8B29 /* Products */ = {
			isa = PBXGroup;
			children = (
				AF9293401608CA63007F8B29 /* tipcalculator1.app */,
			);
			name = Products;
			sourceTree = "<group>";
		};
		AF9293431608CA63007F8B29 /* Frameworks */ = {
			isa = PBXGroup;
			children = (
				AF9293441608CA63007F8B29 /* UIKit.framework */,
				AF9293461608CA63007F8B29 /* Foundation.framework */,
				AF9293481608CA63007F8B29 /* CoreGraphics.framework */,
			);
			name = Frameworks;
			sourceTree = "<group>";
		};
		AF92934A1608CA63007F8B29 /* tipcalculator1 */ = {
			isa = PBXGroup;
			children = (
				AF9293531608CA63007F8B29 /* MADAppDelegate.h */,
				AF9293541608CA63007F8B29 /* MADAppDelegate.m */,
				AF9293561608CA63007F8B29 /* MADViewController.h */,
				AF9293571608CA63007F8B29 /* MADViewController.m */,
				AF9293591608CA63007F8B29 /* MADViewController.xib */,
				AF92934B1608CA63007F8B29 /* Supporting Files */,
			);
			path = tipcalculator1;
			sourceTree = "<group>";
		};
		AF92934B1608CA63007F8B29 /* Supporting Files */ = {
			isa = PBXGroup;
			children = (
				AF92934C1608CA63007F8B29 /* tipcalculator1-Info.plist */,
				AF92934D1608CA63007F8B29 /* InfoPlist.strings */,
				AF9293501608CA63007F8B29 /* main.m */,
				AF9293521608CA63007F8B29 /* tipcalculator1-Prefix.pch */,
			);
			name = "Supporting Files";
			sourceTree = "<group>";
		};
/* End PBXGroup section */

/* Begin PBXNativeTarget section */
		AF92933F1608CA63007F8B29 /* tipcalculator1 */ = {
			isa = PBXNativeTarget;
			buildConfigurationList = AF92935E1608CA63007F8B29 /* Build configuration list for PBXNativeTarget "tipcalculator1" */;
			buildPhases = (
				AF92933C1608CA63007F8B29 /* Sources */,
				AF92933D1608CA63007F8B29 /* Frameworks */,
				AF92933E1608CA63007F8B29 /* Resources */,
			);
			buildRules = (
			);
			dependencies = (
			);
			name = tipcalculator1;
			productName = tipcalculator1;
			productReference = AF9293401608CA63007F8B29 /* tipcalculator1.app */;
			productType = "com.apple.product-type.application";
		};
/* End PBXNativeTarget section */

/* Begin PBXProject section */
		AF9293371608CA63007F8B29 /* Project object */ = {
			isa = PBXProject;
			attributes = {
				CLASSPREFIX = MAD;
				LastUpgradeCheck = 0430;
			};
			buildConfigurationList = AF92933A1608CA63007F8B29 /* Build configuration list for PBXProject "tipcalculator1" */;
			compatibilityVersion = "Xcode 3.2";
			developmentRegion = English;
			hasScannedForEncodings = 0;
			knownRegions = (
				en,
			);
			mainGroup = AF9293351608CA63007F8B29;
			productRefGroup = AF9293411608CA63007F8B29 /* Products */;
			projectDirPath = "";
			projectRoot = "";
			targets = (
				AF92933F1608CA63007F8B29 /* tipcalculator1 */,
			);
		};
/* End PBXProject section */

/* Begin PBXResourcesBuildPhase section */
		AF92933E1608CA63007F8B29 /* Resources */ = {
			isa = PBXResourcesBuildPhase;
			buildActionMask = 2147483647;
			files = (
				AF92934F1608CA63007F8B29 /* InfoPlist.strings in Resources */,
				AF92935B1608CA63007F8B29 /* MADViewController.xib in Resources */,
			);
			runOnlyForDeploymentPostprocessing = 0;
		};
/* End PBXResourcesBuildPhase section */

/* Begin PBXSourcesBuildPhase section */
		AF92933C1608CA63007F8B29 /* Sources */ = {
			isa = PBXSourcesBuildPhase;
			buildActionMask = 2147483647;
			files = (
				AF9293511608CA63007F8B29 /* main.m in Sources */,
				AF9293551608CA63007F8B29 /* MADAppDelegate.m in Sources */,
				AF9293581608CA63007F8B29 /* MADViewController.m in Sources */,
			);
			runOnlyForDeploymentPostprocessing = 0;
		};
/* End PBXSourcesBuildPhase section */

/* Begin PBXVariantGroup section */
		AF92934D1608CA63007F8B29 /* InfoPlist.strings */ = {
			isa = PBXVariantGroup;
			children = (
				AF92934E1608CA63007F8B29 /* en */,
			);
			name = InfoPlist.strings;
			sourceTree = "<group>";
		};
		AF9293591608CA63007F8B29 /* MADViewController.xib */ = {
			isa = PBXVariantGroup;
			children = (
				AF92935A1608CA63007F8B29 /* en */,
			);
			name = MADViewController.xib;
			sourceTree = "<group>";
		};
/* End PBXVariantGroup section */

/* Begin XCBuildConfiguration section */
		AF92935C1608CA63007F8B29 /* Debug */ = {
			isa = XCBuildConfiguration;
			buildSettings = {
				ALWAYS_SEARCH_USER_PATHS = NO;
				ARCHS = "$(ARCHS_STANDARD_32_BIT)";
				CLANG_ENABLE_OBJC_ARC = YES;
				"CODE_SIGN_IDENTITY[sdk=iphoneos*]" = "iPhone Developer";
				COPY_PHASE_STRIP = NO;
				GCC_C_LANGUAGE_STANDARD = gnu99;
				GCC_DYNAMIC_NO_PIC = NO;
				GCC_OPTIMIZATION_LEVEL = 0;
				GCC_PREPROCESSOR_DEFINITIONS = (
					"DEBUG=1",
					"$(inherited)",
				);
				GCC_SYMBOLS_PRIVATE_EXTERN = NO;
				GCC_VERSION = com.apple.compilers.llvm.clang.1_0;
				GCC_WARN_ABOUT_RETURN_TYPE = YES;
				GCC_WARN_UNINITIALIZED_AUTOS = YES;
				GCC_WARN_UNUSED_VARIABLE = YES;
				IPHONEOS_DEPLOYMENT_TARGET = 5.1;
				SDKROOT = iphoneos;
			};
			name = Debug;
		};
		AF92935D1608CA63007F8B29 /* Release */ = {
			isa = XCBuildConfiguration;
			buildSettings = {
				ALWAYS_SEARCH_USER_PATHS = NO;
				ARCHS = "$(ARCHS_STANDARD_32_BIT)";
				CLANG_ENABLE_OBJC_ARC = YES;
				"CODE_SIGN_IDENTITY[sdk=iphoneos*]" = "iPhone Developer";
				COPY_PHASE_STRIP = YES;
				GCC_C_LANGUAGE_STANDARD = gnu99;
				GCC_VERSION = com.apple.compilers.llvm.clang.1_0;
				GCC_WARN_ABOUT_RETURN_TYPE = YES;
				GCC_WARN_UNINITIALIZED_AUTOS = YES;
				GCC_WARN_UNUSED_VARIABLE = YES;
				IPHONEOS_DEPLOYMENT_TARGET = 5.1;
				OTHER_CFLAGS = "-DNS_BLOCK_ASSERTIONS=1";
				SDKROOT = iphoneos;
				VALIDATE_PRODUCT = YES;
			};
			name = Release;
		};
		AF92935F1608CA63007F8B29 /* Debug */ = {
			isa = XCBuildConfiguration;
			buildSettings = {
				GCC_PRECOMPILE_PREFIX_HEADER = YES;
				GCC_PREFIX_HEADER = "tipcalculator1/tipcalculator1-Prefix.pch";
				INFOPLIST_FILE = "tipcalculator1/tipcalculator1-Info.plist";
				PRODUCT_NAME = "$(TARGET_NAME)";
				WRAPPER_EXTENSION = app;
			};
			name = Debug;
		};
		AF9293601608CA63007F8B29 /* Release */ = {
			isa = XCBuildConfiguration;
			buildSettings = {
				GCC_PRECOMPILE_PREFIX_HEADER = YES;
				GCC_PREFIX_HEADER = "tipcalculator1/tipcalculator1-Prefix.pch";
				INFOPLIST_FILE = "tipcalculator1/tipcalculator1-Info.plist";
				PRODUCT_NAME = "$(TARGET_NAME)";
				WRAPPER_EXTENSION = app;
			};
			name = Release;
		};
/* End XCBuildConfiguration section */

/* Begin XCConfigurationList section */
		AF92933A1608CA63007F8B29 /* Build configuration list for PBXProject "tipcalculator1" */ = {
			isa = XCConfigurationList;
			buildConfigurations = (
				AF92935C1608CA63007F8B29 /* Debug */,
				AF92935D1608CA63007F8B29 /* Release */,
			);
			defaultConfigurationIsVisible = 0;
			defaultConfigurationName = Release;
		};
		AF92935E1608CA63007F8B29 /* Build configuration list for PBXNativeTarget "tipcalculator1" */ = {
			isa = XCConfigurationList;
			buildConfigurations = (
				AF92935F1608CA63007F8B29 /* Debug */,
				AF9293601608CA63007F8B29 /* Release */,
			);
			defaultConfigurationIsVisible = 0;
		};
/* End XCConfigurationList section */
	};
	rootObject = AF9293371608CA63007F8B29 /* Project object */;
}
