// !$*UTF8*$!
{
	archiveVersion = 1;
	classes = {
	};
	objectVersion = 46;
	objects = {

/* Begin PBXBuildFile section */
		CC94C300160B6BAF00F4EE78 /* UIKit.framework in Frameworks */ = {isa = PBXBuildFile; fileRef = CC94C2FF160B6BAF00F4EE78 /* UIKit.framework */; };
		CC94C302160B6BAF00F4EE78 /* Foundation.framework in Frameworks */ = {isa = PBXBuildFile; fileRef = CC94C301160B6BAF00F4EE78 /* Foundation.framework */; };
		CC94C304160B6BAF00F4EE78 /* CoreGraphics.framework in Frameworks */ = {isa = PBXBuildFile; fileRef = CC94C303160B6BAF00F4EE78 /* CoreGraphics.framework */; };
		CC94C30A160B6BAF00F4EE78 /* InfoPlist.strings in Resources */ = {isa = PBXBuildFile; fileRef = CC94C308160B6BAF00F4EE78 /* InfoPlist.strings */; };
		CC94C30C160B6BAF00F4EE78 /* main.m in Sources */ = {isa = PBXBuildFile; fileRef = CC94C30B160B6BAF00F4EE78 /* main.m */; };
		CC94C310160B6BAF00F4EE78 /* MADAppDelegate.m in Sources */ = {isa = PBXBuildFile; fileRef = CC94C30F160B6BAF00F4EE78 /* MADAppDelegate.m */; };
		CC94C313160B6BAF00F4EE78 /* MADViewController.m in Sources */ = {isa = PBXBuildFile; fileRef = CC94C312160B6BAF00F4EE78 /* MADViewController.m */; };
		CC94C316160B6BAF00F4EE78 /* MADViewController.xib in Resources */ = {isa = PBXBuildFile; fileRef = CC94C314160B6BAF00F4EE78 /* MADViewController.xib */; };
/* End PBXBuildFile section */

/* Begin PBXFileReference section */
		CC94C2FB160B6BAF00F4EE78 /* browser.app */ = {isa = PBXFileReference; explicitFileType = wrapper.application; includeInIndex = 0; path = browser.app; sourceTree = BUILT_PRODUCTS_DIR; };
		CC94C2FF160B6BAF00F4EE78 /* UIKit.framework */ = {isa = PBXFileReference; lastKnownFileType = wrapper.framework; name = UIKit.framework; path = System/Library/Frameworks/UIKit.framework; sourceTree = SDKROOT; };
		CC94C301160B6BAF00F4EE78 /* Foundation.framework */ = {isa = PBXFileReference; lastKnownFileType = wrapper.framework; name = Foundation.framework; path = System/Library/Frameworks/Foundation.framework; sourceTree = SDKROOT; };
		CC94C303160B6BAF00F4EE78 /* CoreGraphics.framework */ = {isa = PBXFileReference; lastKnownFileType = wrapper.framework; name = CoreGraphics.framework; path = System/Library/Frameworks/CoreGraphics.framework; sourceTree = SDKROOT; };
		CC94C307160B6BAF00F4EE78 /* browser-Info.plist */ = {isa = PBXFileReference; lastKnownFileType = text.plist.xml; path = "browser-Info.plist"; sourceTree = "<group>"; };
		CC94C309160B6BAF00F4EE78 /* en */ = {isa = PBXFileReference; lastKnownFileType = text.plist.strings; name = en; path = en.lproj/InfoPlist.strings; sourceTree = "<group>"; };
		CC94C30B160B6BAF00F4EE78 /* main.m */ = {isa = PBXFileReference; lastKnownFileType = sourcecode.c.objc; path = main.m; sourceTree = "<group>"; };
		CC94C30D160B6BAF00F4EE78 /* browser-Prefix.pch */ = {isa = PBXFileReference; lastKnownFileType = sourcecode.c.h; path = "browser-Prefix.pch"; sourceTree = "<group>"; };
		CC94C30E160B6BAF00F4EE78 /* MADAppDelegate.h */ = {isa = PBXFileReference; lastKnownFileType = sourcecode.c.h; path = MADAppDelegate.h; sourceTree = "<group>"; };
		CC94C30F160B6BAF00F4EE78 /* MADAppDelegate.m */ = {isa = PBXFileReference; lastKnownFileType = sourcecode.c.objc; path = MADAppDelegate.m; sourceTree = "<group>"; };
		CC94C311160B6BAF00F4EE78 /* MADViewController.h */ = {isa = PBXFileReference; lastKnownFileType = sourcecode.c.h; path = MADViewController.h; sourceTree = "<group>"; };
		CC94C312160B6BAF00F4EE78 /* MADViewController.m */ = {isa = PBXFileReference; lastKnownFileType = sourcecode.c.objc; path = MADViewController.m; sourceTree = "<group>"; };
		CC94C315160B6BAF00F4EE78 /* en */ = {isa = PBXFileReference; lastKnownFileType = file.xib; name = en; path = en.lproj/MADViewController.xib; sourceTree = "<group>"; };
/* End PBXFileReference section */

/* Begin PBXFrameworksBuildPhase section */
		CC94C2F8160B6BAE00F4EE78 /* Frameworks */ = {
			isa = PBXFrameworksBuildPhase;
			buildActionMask = 2147483647;
			files = (
				CC94C300160B6BAF00F4EE78 /* UIKit.framework in Frameworks */,
				CC94C302160B6BAF00F4EE78 /* Foundation.framework in Frameworks */,
				CC94C304160B6BAF00F4EE78 /* CoreGraphics.framework in Frameworks */,
			);
			runOnlyForDeploymentPostprocessing = 0;
		};
/* End PBXFrameworksBuildPhase section */

/* Begin PBXGroup section */
		CC94C2F0160B6BAE00F4EE78 = {
			isa = PBXGroup;
			children = (
				CC94C305160B6BAF00F4EE78 /* browser */,
				CC94C2FE160B6BAF00F4EE78 /* Frameworks */,
				CC94C2FC160B6BAF00F4EE78 /* Products */,
			);
			sourceTree = "<group>";
		};
		CC94C2FC160B6BAF00F4EE78 /* Products */ = {
			isa = PBXGroup;
			children = (
				CC94C2FB160B6BAF00F4EE78 /* browser.app */,
			);
			name = Products;
			sourceTree = "<group>";
		};
		CC94C2FE160B6BAF00F4EE78 /* Frameworks */ = {
			isa = PBXGroup;
			children = (
				CC94C2FF160B6BAF00F4EE78 /* UIKit.framework */,
				CC94C301160B6BAF00F4EE78 /* Foundation.framework */,
				CC94C303160B6BAF00F4EE78 /* CoreGraphics.framework */,
			);
			name = Frameworks;
			sourceTree = "<group>";
		};
		CC94C305160B6BAF00F4EE78 /* browser */ = {
			isa = PBXGroup;
			children = (
				CC94C30E160B6BAF00F4EE78 /* MADAppDelegate.h */,
				CC94C30F160B6BAF00F4EE78 /* MADAppDelegate.m */,
				CC94C311160B6BAF00F4EE78 /* MADViewController.h */,
				CC94C312160B6BAF00F4EE78 /* MADViewController.m */,
				CC94C314160B6BAF00F4EE78 /* MADViewController.xib */,
				CC94C306160B6BAF00F4EE78 /* Supporting Files */,
			);
			path = browser;
			sourceTree = "<group>";
		};
		CC94C306160B6BAF00F4EE78 /* Supporting Files */ = {
			isa = PBXGroup;
			children = (
				CC94C307160B6BAF00F4EE78 /* browser-Info.plist */,
				CC94C308160B6BAF00F4EE78 /* InfoPlist.strings */,
				CC94C30B160B6BAF00F4EE78 /* main.m */,
				CC94C30D160B6BAF00F4EE78 /* browser-Prefix.pch */,
			);
			name = "Supporting Files";
			sourceTree = "<group>";
		};
/* End PBXGroup section */

/* Begin PBXNativeTarget section */
		CC94C2FA160B6BAE00F4EE78 /* browser */ = {
			isa = PBXNativeTarget;
			buildConfigurationList = CC94C319160B6BAF00F4EE78 /* Build configuration list for PBXNativeTarget "browser" */;
			buildPhases = (
				CC94C2F7160B6BAE00F4EE78 /* Sources */,
				CC94C2F8160B6BAE00F4EE78 /* Frameworks */,
				CC94C2F9160B6BAE00F4EE78 /* Resources */,
			);
			buildRules = (
			);
			dependencies = (
			);
			name = browser;
			productName = browser;
			productReference = CC94C2FB160B6BAF00F4EE78 /* browser.app */;
			productType = "com.apple.product-type.application";
		};
/* End PBXNativeTarget section */

/* Begin PBXProject section */
		CC94C2F2160B6BAE00F4EE78 /* Project object */ = {
			isa = PBXProject;
			attributes = {
				CLASSPREFIX = MAD;
				LastUpgradeCheck = 0440;
				ORGANIZATIONNAME = "Rachel Strobel";
			};
			buildConfigurationList = CC94C2F5160B6BAE00F4EE78 /* Build configuration list for PBXProject "browser" */;
			compatibilityVersion = "Xcode 3.2";
			developmentRegion = English;
			hasScannedForEncodings = 0;
			knownRegions = (
				en,
			);
			mainGroup = CC94C2F0160B6BAE00F4EE78;
			productRefGroup = CC94C2FC160B6BAF00F4EE78 /* Products */;
			projectDirPath = "";
			projectRoot = "";
			targets = (
				CC94C2FA160B6BAE00F4EE78 /* browser */,
			);
		};
/* End PBXProject section */

/* Begin PBXResourcesBuildPhase section */
		CC94C2F9160B6BAE00F4EE78 /* Resources */ = {
			isa = PBXResourcesBuildPhase;
			buildActionMask = 2147483647;
			files = (
				CC94C30A160B6BAF00F4EE78 /* InfoPlist.strings in Resources */,
				CC94C316160B6BAF00F4EE78 /* MADViewController.xib in Resources */,
			);
			runOnlyForDeploymentPostprocessing = 0;
		};
/* End PBXResourcesBuildPhase section */

/* Begin PBXSourcesBuildPhase section */
		CC94C2F7160B6BAE00F4EE78 /* Sources */ = {
			isa = PBXSourcesBuildPhase;
			buildActionMask = 2147483647;
			files = (
				CC94C30C160B6BAF00F4EE78 /* main.m in Sources */,
				CC94C310160B6BAF00F4EE78 /* MADAppDelegate.m in Sources */,
				CC94C313160B6BAF00F4EE78 /* MADViewController.m in Sources */,
			);
			runOnlyForDeploymentPostprocessing = 0;
		};
/* End PBXSourcesBuildPhase section */

/* Begin PBXVariantGroup section */
		CC94C308160B6BAF00F4EE78 /* InfoPlist.strings */ = {
			isa = PBXVariantGroup;
			children = (
				CC94C309160B6BAF00F4EE78 /* en */,
			);
			name = InfoPlist.strings;
			sourceTree = "<group>";
		};
		CC94C314160B6BAF00F4EE78 /* MADViewController.xib */ = {
			isa = PBXVariantGroup;
			children = (
				CC94C315160B6BAF00F4EE78 /* en */,
			);
			name = MADViewController.xib;
			sourceTree = "<group>";
		};
/* End PBXVariantGroup section */

/* Begin XCBuildConfiguration section */
		CC94C317160B6BAF00F4EE78 /* Debug */ = {
			isa = XCBuildConfiguration;
			buildSettings = {
				ALWAYS_SEARCH_USER_PATHS = NO;
				ARCHS = "$(ARCHS_STANDARD_32_BIT)";
				CLANG_CXX_LANGUAGE_STANDARD = "gnu++0x";
				CLANG_ENABLE_OBJC_ARC = YES;
				CLANG_WARN__DUPLICATE_METHOD_MATCH = YES;
				"CODE_SIGN_IDENTITY[sdk=iphoneos*]" = "iPhone Developer";
				COPY_PHASE_STRIP = NO;
				GCC_C_LANGUAGE_STANDARD = gnu99;
				GCC_DYNAMIC_NO_PIC = NO;
				GCC_OPTIMIZATION_LEVEL = 0;
				GCC_PREPROCESSOR_DEFINITIONS = (
					"DEBUG=1",
					"$(inherited)",
				);
				GCC_SYMBOLS_PRIVATE_EXTERN = NO;
				GCC_VERSION = com.apple.compilers.llvm.clang.1_0;
				GCC_WARN_ABOUT_RETURN_TYPE = YES;
				GCC_WARN_UNINITIALIZED_AUTOS = YES;
				GCC_WARN_UNUSED_VARIABLE = YES;
				IPHONEOS_DEPLOYMENT_TARGET = 5.1;
				SDKROOT = iphoneos;
				TARGETED_DEVICE_FAMILY = 2;
			};
			name = Debug;
		};
		CC94C318160B6BAF00F4EE78 /* Release */ = {
			isa = XCBuildConfiguration;
			buildSettings = {
				ALWAYS_SEARCH_USER_PATHS = NO;
				ARCHS = "$(ARCHS_STANDARD_32_BIT)";
				CLANG_CXX_LANGUAGE_STANDARD = "gnu++0x";
				CLANG_ENABLE_OBJC_ARC = YES;
				CLANG_WARN__DUPLICATE_METHOD_MATCH = YES;
				"CODE_SIGN_IDENTITY[sdk=iphoneos*]" = "iPhone Developer";
				COPY_PHASE_STRIP = YES;
				GCC_C_LANGUAGE_STANDARD = gnu99;
				GCC_VERSION = com.apple.compilers.llvm.clang.1_0;
				GCC_WARN_ABOUT_RETURN_TYPE = YES;
				GCC_WARN_UNINITIALIZED_AUTOS = YES;
				GCC_WARN_UNUSED_VARIABLE = YES;
				IPHONEOS_DEPLOYMENT_TARGET = 5.1;
				OTHER_CFLAGS = "-DNS_BLOCK_ASSERTIONS=1";
				SDKROOT = iphoneos;
				TARGETED_DEVICE_FAMILY = 2;
				VALIDATE_PRODUCT = YES;
			};
			name = Release;
		};
		CC94C31A160B6BAF00F4EE78 /* Debug */ = {
			isa = XCBuildConfiguration;
			buildSettings = {
				GCC_PRECOMPILE_PREFIX_HEADER = YES;
				GCC_PREFIX_HEADER = "browser/browser-Prefix.pch";
				INFOPLIST_FILE = "browser/browser-Info.plist";
				PRODUCT_NAME = "$(TARGET_NAME)";
				WRAPPER_EXTENSION = app;
			};
			name = Debug;
		};
		CC94C31B160B6BAF00F4EE78 /* Release */ = {
			isa = XCBuildConfiguration;
			buildSettings = {
				GCC_PRECOMPILE_PREFIX_HEADER = YES;
				GCC_PREFIX_HEADER = "browser/browser-Prefix.pch";
				INFOPLIST_FILE = "browser/browser-Info.plist";
				PRODUCT_NAME = "$(TARGET_NAME)";
				WRAPPER_EXTENSION = app;
			};
			name = Release;
		};
/* End XCBuildConfiguration section */

/* Begin XCConfigurationList section */
		CC94C2F5160B6BAE00F4EE78 /* Build configuration list for PBXProject "browser" */ = {
			isa = XCConfigurationList;
			buildConfigurations = (
				CC94C317160B6BAF00F4EE78 /* Debug */,
				CC94C318160B6BAF00F4EE78 /* Release */,
			);
			defaultConfigurationIsVisible = 0;
			defaultConfigurationName = Release;
		};
		CC94C319160B6BAF00F4EE78 /* Build configuration list for PBXNativeTarget "browser" */ = {
			isa = XCConfigurationList;
			buildConfigurations = (
				CC94C31A160B6BAF00F4EE78 /* Debug */,
				CC94C31B160B6BAF00F4EE78 /* Release */,
			);
			defaultConfigurationIsVisible = 0;
		};
/* End XCConfigurationList section */
	};
	rootObject = CC94C2F2160B6BAE00F4EE78 /* Project object */;
}
